// !$*UTF8*$!
{
	archiveVersion = 1;
	classes = {
	};
	objectVersion = 46;
	objects = {

/* Begin PBXBuildFile section */
		051BF4A61A30AA4F003E1CE4 /* SettingViewController.swift in Sources */ = {isa = PBXBuildFile; fileRef = 051BF4A51A30AA4F003E1CE4 /* SettingViewController.swift */; };
		0571AA6E1A24BDE0001B0690 /* ASIAuthenticationDialog.m in Sources */ = {isa = PBXBuildFile; fileRef = 0571AA1D1A24BDE0001B0690 /* ASIAuthenticationDialog.m */; };
		0571AA6F1A24BDE0001B0690 /* ASIDataCompressor.m in Sources */ = {isa = PBXBuildFile; fileRef = 0571AA201A24BDE0001B0690 /* ASIDataCompressor.m */; };
		0571AA701A24BDE0001B0690 /* ASIDataDecompressor.m in Sources */ = {isa = PBXBuildFile; fileRef = 0571AA221A24BDE0001B0690 /* ASIDataDecompressor.m */; settings = {COMPILER_FLAGS = "-fno-objc-arc"; }; };
		0571AA711A24BDE0001B0690 /* ASIDownloadCache.m in Sources */ = {isa = PBXBuildFile; fileRef = 0571AA241A24BDE0001B0690 /* ASIDownloadCache.m */; };
		0571AA721A24BDE0001B0690 /* ASIFormDataRequest.m in Sources */ = {isa = PBXBuildFile; fileRef = 0571AA261A24BDE0001B0690 /* ASIFormDataRequest.m */; };
		0571AA731A24BDE0001B0690 /* ASIHTTPRequest.m in Sources */ = {isa = PBXBuildFile; fileRef = 0571AA281A24BDE0001B0690 /* ASIHTTPRequest.m */; };
		0571AA741A24BDE0001B0690 /* ASIInputStream.m in Sources */ = {isa = PBXBuildFile; fileRef = 0571AA2C1A24BDE0001B0690 /* ASIInputStream.m */; };
		0571AA751A24BDE0001B0690 /* ASINetworkQueue.m in Sources */ = {isa = PBXBuildFile; fileRef = 0571AA2E1A24BDE0001B0690 /* ASINetworkQueue.m */; };
		0571AA761A24BDE0001B0690 /* ASIWebPageRequest.m in Sources */ = {isa = PBXBuildFile; fileRef = 0571AA321A24BDE0001B0690 /* ASIWebPageRequest.m */; };
		0571AA771A24BDE0001B0690 /* ASICloudFilesCDNRequest.m in Sources */ = {isa = PBXBuildFile; fileRef = 0571AA351A24BDE0001B0690 /* ASICloudFilesCDNRequest.m */; };
		0571AA781A24BDE0001B0690 /* ASICloudFilesContainer.m in Sources */ = {isa = PBXBuildFile; fileRef = 0571AA371A24BDE0001B0690 /* ASICloudFilesContainer.m */; };
		0571AA791A24BDE0001B0690 /* ASICloudFilesContainerRequest.m in Sources */ = {isa = PBXBuildFile; fileRef = 0571AA391A24BDE0001B0690 /* ASICloudFilesContainerRequest.m */; };
		0571AA7A1A24BDE0001B0690 /* ASICloudFilesContainerXMLParserDelegate.m in Sources */ = {isa = PBXBuildFile; fileRef = 0571AA3B1A24BDE0001B0690 /* ASICloudFilesContainerXMLParserDelegate.m */; };
		0571AA7B1A24BDE0001B0690 /* ASICloudFilesObject.m in Sources */ = {isa = PBXBuildFile; fileRef = 0571AA3D1A24BDE0001B0690 /* ASICloudFilesObject.m */; };
		0571AA7C1A24BDE0001B0690 /* ASICloudFilesObjectRequest.m in Sources */ = {isa = PBXBuildFile; fileRef = 0571AA3F1A24BDE0001B0690 /* ASICloudFilesObjectRequest.m */; };
		0571AA7D1A24BDE0001B0690 /* ASICloudFilesRequest.m in Sources */ = {isa = PBXBuildFile; fileRef = 0571AA411A24BDE0001B0690 /* ASICloudFilesRequest.m */; };
		0571AA7E1A24BDE0001B0690 /* ASIS3Bucket.m in Sources */ = {isa = PBXBuildFile; fileRef = 0571AA451A24BDE0001B0690 /* ASIS3Bucket.m */; };
		0571AA7F1A24BDE0001B0690 /* ASIS3BucketObject.m in Sources */ = {isa = PBXBuildFile; fileRef = 0571AA471A24BDE0001B0690 /* ASIS3BucketObject.m */; };
		0571AA801A24BDE0001B0690 /* ASIS3BucketRequest.m in Sources */ = {isa = PBXBuildFile; fileRef = 0571AA491A24BDE0001B0690 /* ASIS3BucketRequest.m */; };
		0571AA811A24BDE0001B0690 /* ASIS3ObjectRequest.m in Sources */ = {isa = PBXBuildFile; fileRef = 0571AA4B1A24BDE0001B0690 /* ASIS3ObjectRequest.m */; };
		0571AA821A24BDE0001B0690 /* ASIS3Request.m in Sources */ = {isa = PBXBuildFile; fileRef = 0571AA4D1A24BDE0001B0690 /* ASIS3Request.m */; };
		0571AA831A24BDE0001B0690 /* ASIS3ServiceRequest.m in Sources */ = {isa = PBXBuildFile; fileRef = 0571AA4F1A24BDE0001B0690 /* ASIS3ServiceRequest.m */; };
		0571AA9F1A24C6FA001B0690 /* Reachability.m in Sources */ = {isa = PBXBuildFile; fileRef = 0571AA9E1A24C6FA001B0690 /* Reachability.m */; };
		0571AAA11A24C8BA001B0690 /* libxml2.dylib in Frameworks */ = {isa = PBXBuildFile; fileRef = 0571AAA01A24C8BA001B0690 /* libxml2.dylib */; };
		0571AAA31A24CAB5001B0690 /* libz.dylib in Frameworks */ = {isa = PBXBuildFile; fileRef = 0571AAA21A24CAB5001B0690 /* libz.dylib */; };
		05C98D2E1A2E166000924A66 /* UserViewController.swift in Sources */ = {isa = PBXBuildFile; fileRef = 05C98D2D1A2E166000924A66 /* UserViewController.swift */; };
		05D1C1B31A234B8100C38B21 /* AppDelegate.swift in Sources */ = {isa = PBXBuildFile; fileRef = 05D1C1B21A234B8100C38B21 /* AppDelegate.swift */; };
		05D1C1B61A234B8100C38B21 /* nanyida.xcdatamodeld in Sources */ = {isa = PBXBuildFile; fileRef = 05D1C1B41A234B8100C38B21 /* nanyida.xcdatamodeld */; };
		05D1C1B81A234B8100C38B21 /* ViewController.swift in Sources */ = {isa = PBXBuildFile; fileRef = 05D1C1B71A234B8100C38B21 /* ViewController.swift */; };
		05D1C1BB1A234B8100C38B21 /* Main.storyboard in Resources */ = {isa = PBXBuildFile; fileRef = 05D1C1B91A234B8100C38B21 /* Main.storyboard */; };
		05D1C1BD1A234B8100C38B21 /* Images.xcassets in Resources */ = {isa = PBXBuildFile; fileRef = 05D1C1BC1A234B8100C38B21 /* Images.xcassets */; };
		05D1C1C01A234B8100C38B21 /* LaunchScreen.xib in Resources */ = {isa = PBXBuildFile; fileRef = 05D1C1BE1A234B8100C38B21 /* LaunchScreen.xib */; };
		05D1C1CC1A234B8100C38B21 /* nanyidaTests.swift in Sources */ = {isa = PBXBuildFile; fileRef = 05D1C1CB1A234B8100C38B21 /* nanyidaTests.swift */; };
		05D1C22C1A234C0F00C38B21 /* apply_bg.png in Resources */ = {isa = PBXBuildFile; fileRef = 05D1C1D61A234C0F00C38B21 /* apply_bg.png */; };
		05D1C22D1A234C0F00C38B21 /* apply_bg@2x.png in Resources */ = {isa = PBXBuildFile; fileRef = 05D1C1D71A234C0F00C38B21 /* apply_bg@2x.png */; };
		05D1C22E1A234C0F00C38B21 /* apply_btn_submit.png in Resources */ = {isa = PBXBuildFile; fileRef = 05D1C1D81A234C0F00C38B21 /* apply_btn_submit.png */; };
		05D1C22F1A234C0F00C38B21 /* apply_btn_submit@2x.png in Resources */ = {isa = PBXBuildFile; fileRef = 05D1C1D91A234C0F00C38B21 /* apply_btn_submit@2x.png */; };
		05D1C2301A234C0F00C38B21 /* btn_back.png in Resources */ = {isa = PBXBuildFile; fileRef = 05D1C1DA1A234C0F00C38B21 /* btn_back.png */; };
		05D1C2311A234C0F00C38B21 /* btn_back@2x.png in Resources */ = {isa = PBXBuildFile; fileRef = 05D1C1DB1A234C0F00C38B21 /* btn_back@2x.png */; };
		05D1C2321A234C0F00C38B21 /* curriculum_ morning.png in Resources */ = {isa = PBXBuildFile; fileRef = 05D1C1DD1A234C0F00C38B21 /* curriculum_ morning.png */; };
		05D1C2331A234C0F00C38B21 /* curriculum_ morning@2x.png in Resources */ = {isa = PBXBuildFile; fileRef = 05D1C1DE1A234C0F00C38B21 /* curriculum_ morning@2x.png */; };
		05D1C2341A234C0F00C38B21 /* curriculum_afternoon.png in Resources */ = {isa = PBXBuildFile; fileRef = 05D1C1DF1A234C0F00C38B21 /* curriculum_afternoon.png */; };
		05D1C2351A234C0F00C38B21 /* curriculum_afternoon@2x.png in Resources */ = {isa = PBXBuildFile; fileRef = 05D1C1E01A234C0F00C38B21 /* curriculum_afternoon@2x.png */; };
		05D1C2361A234C0F00C38B21 /* curriculum_bg.png in Resources */ = {isa = PBXBuildFile; fileRef = 05D1C1E11A234C0F00C38B21 /* curriculum_bg.png */; };
		05D1C2371A234C0F00C38B21 /* curriculum_bg@2x.png in Resources */ = {isa = PBXBuildFile; fileRef = 05D1C1E21A234C0F00C38B21 /* curriculum_bg@2x.png */; };
		05D1C2381A234C0F00C38B21 /* curriculum_border.png in Resources */ = {isa = PBXBuildFile; fileRef = 05D1C1E31A234C0F00C38B21 /* curriculum_border.png */; };
		05D1C2391A234C0F00C38B21 /* curriculum_border@2x.png in Resources */ = {isa = PBXBuildFile; fileRef = 05D1C1E41A234C0F00C38B21 /* curriculum_border@2x.png */; };
		05D1C23A1A234C0F00C38B21 /* curriculum_btn_alert.png in Resources */ = {isa = PBXBuildFile; fileRef = 05D1C1E51A234C0F00C38B21 /* curriculum_btn_alert.png */; };
		05D1C23B1A234C0F00C38B21 /* curriculum_btn_alert@2x.png in Resources */ = {isa = PBXBuildFile; fileRef = 05D1C1E61A234C0F00C38B21 /* curriculum_btn_alert@2x.png */; };
		05D1C23C1A234C0F00C38B21 /* curriculum_btn_confirm.png in Resources */ = {isa = PBXBuildFile; fileRef = 05D1C1E71A234C0F00C38B21 /* curriculum_btn_confirm.png */; };
		05D1C23D1A234C0F00C38B21 /* curriculum_btn_confirm@2x.png in Resources */ = {isa = PBXBuildFile; fileRef = 05D1C1E81A234C0F00C38B21 /* curriculum_btn_confirm@2x.png */; };
		05D1C23E1A234C0F00C38B21 /* curriculum_btn_detail.png in Resources */ = {isa = PBXBuildFile; fileRef = 05D1C1E91A234C0F00C38B21 /* curriculum_btn_detail.png */; };
		05D1C23F1A234C0F00C38B21 /* curriculum_btn_detail@2x.png in Resources */ = {isa = PBXBuildFile; fileRef = 05D1C1EA1A234C0F00C38B21 /* curriculum_btn_detail@2x.png */; };
		05D1C2401A234C0F00C38B21 /* curriculum_main_bg.png in Resources */ = {isa = PBXBuildFile; fileRef = 05D1C1EB1A234C0F00C38B21 /* curriculum_main_bg.png */; };
		05D1C2411A234C0F00C38B21 /* curriculum_main_bg@2x.png in Resources */ = {isa = PBXBuildFile; fileRef = 05D1C1EC1A234C0F00C38B21 /* curriculum_main_bg@2x.png */; };
		05D1C2421A234C0F00C38B21 /* index_banner.png in Resources */ = {isa = PBXBuildFile; fileRef = 05D1C1EE1A234C0F00C38B21 /* index_banner.png */; };
		05D1C2431A234C0F00C38B21 /* index_banner@2x.png in Resources */ = {isa = PBXBuildFile; fileRef = 05D1C1EF1A234C0F00C38B21 /* index_banner@2x.png */; };
		05D1C2441A234C0F00C38B21 /* index_btn_cjcx.png in Resources */ = {isa = PBXBuildFile; fileRef = 05D1C1F01A234C0F00C38B21 /* index_btn_cjcx.png */; };
		05D1C2451A234C0F00C38B21 /* index_btn_cjcx@2x.png in Resources */ = {isa = PBXBuildFile; fileRef = 05D1C1F11A234C0F00C38B21 /* index_btn_cjcx@2x.png */; };
		05D1C2461A234C0F00C38B21 /* index_btn_hksq.png in Resources */ = {isa = PBXBuildFile; fileRef = 05D1C1F21A234C0F00C38B21 /* index_btn_hksq.png */; };
		05D1C2471A234C0F00C38B21 /* index_btn_hksq@2x.png in Resources */ = {isa = PBXBuildFile; fileRef = 05D1C1F31A234C0F00C38B21 /* index_btn_hksq@2x.png */; };
		05D1C2481A234C0F00C38B21 /* index_btn_jxpj.png in Resources */ = {isa = PBXBuildFile; fileRef = 05D1C1F41A234C0F00C38B21 /* index_btn_jxpj.png */; };
		05D1C2491A234C0F00C38B21 /* index_btn_jxpj@2x.png in Resources */ = {isa = PBXBuildFile; fileRef = 05D1C1F51A234C0F00C38B21 /* index_btn_jxpj@2x.png */; };
		05D1C24A1A234C0F00C38B21 /* index_btn_wdkb.png in Resources */ = {isa = PBXBuildFile; fileRef = 05D1C1F61A234C0F00C38B21 /* index_btn_wdkb.png */; };
		05D1C24B1A234C0F00C38B21 /* index_btn_wdkb@2x.png in Resources */ = {isa = PBXBuildFile; fileRef = 05D1C1F71A234C0F00C38B21 /* index_btn_wdkb@2x.png */; };
		05D1C24C1A234C0F00C38B21 /* index_btn_xksq.png in Resources */ = {isa = PBXBuildFile; fileRef = 05D1C1F81A234C0F00C38B21 /* index_btn_xksq.png */; };
		05D1C24D1A234C0F00C38B21 /* index_btn_xksq@2x.png in Resources */ = {isa = PBXBuildFile; fileRef = 05D1C1F91A234C0F00C38B21 /* index_btn_xksq@2x.png */; };
		05D1C24E1A234C0F00C38B21 /* index_btn_xngg.png in Resources */ = {isa = PBXBuildFile; fileRef = 05D1C1FA1A234C0F00C38B21 /* index_btn_xngg.png */; };
		05D1C24F1A234C0F00C38B21 /* index_btn_xngg@2x.png in Resources */ = {isa = PBXBuildFile; fileRef = 05D1C1FB1A234C0F00C38B21 /* index_btn_xngg@2x.png */; };
		05D1C2501A234C0F00C38B21 /* index_btn_xtsz.png in Resources */ = {isa = PBXBuildFile; fileRef = 05D1C1FC1A234C0F00C38B21 /* index_btn_xtsz.png */; };
		05D1C2511A234C0F00C38B21 /* index_btn_xtsz@2x.png in Resources */ = {isa = PBXBuildFile; fileRef = 05D1C1FD1A234C0F00C38B21 /* index_btn_xtsz@2x.png */; };
		05D1C2521A234C0F00C38B21 /* info_bg.png in Resources */ = {isa = PBXBuildFile; fileRef = 05D1C1FF1A234C0F00C38B21 /* info_bg.png */; };
		05D1C2531A234C0F00C38B21 /* info_bg@2x.png in Resources */ = {isa = PBXBuildFile; fileRef = 05D1C2001A234C0F00C38B21 /* info_bg@2x.png */; };
		05D1C2541A234C0F00C38B21 /* info_title_bg.png in Resources */ = {isa = PBXBuildFile; fileRef = 05D1C2011A234C0F00C38B21 /* info_title_bg.png */; };
		05D1C2551A234C0F00C38B21 /* info_title_bg@2x.png in Resources */ = {isa = PBXBuildFile; fileRef = 05D1C2021A234C0F00C38B21 /* info_title_bg@2x.png */; };
		05D1C2561A234C0F00C38B21 /* login_bg.png in Resources */ = {isa = PBXBuildFile; fileRef = 05D1C2041A234C0F00C38B21 /* login_bg.png */; };
		05D1C2571A234C0F00C38B21 /* login_bg@2x.png in Resources */ = {isa = PBXBuildFile; fileRef = 05D1C2051A234C0F00C38B21 /* login_bg@2x.png */; };
		05D1C2581A234C0F00C38B21 /* login_btn.png in Resources */ = {isa = PBXBuildFile; fileRef = 05D1C2061A234C0F00C38B21 /* login_btn.png */; };
		05D1C2591A234C0F00C38B21 /* login_btn@2x.png in Resources */ = {isa = PBXBuildFile; fileRef = 05D1C2071A234C0F00C38B21 /* login_btn@2x.png */; };
		05D1C25A1A234C0F00C38B21 /* login_input.png in Resources */ = {isa = PBXBuildFile; fileRef = 05D1C2081A234C0F00C38B21 /* login_input.png */; };
		05D1C25B1A234C0F00C38B21 /* login_input@2x.png in Resources */ = {isa = PBXBuildFile; fileRef = 05D1C2091A234C0F00C38B21 /* login_input@2x.png */; };
		05D1C25C1A234C0F00C38B21 /* nav_bg.png in Resources */ = {isa = PBXBuildFile; fileRef = 05D1C20A1A234C0F00C38B21 /* nav_bg.png */; };
		05D1C25D1A234C0F00C38B21 /* nav_bg@2x.png in Resources */ = {isa = PBXBuildFile; fileRef = 05D1C20B1A234C0F00C38B21 /* nav_bg@2x.png */; };
		05D1C25E1A234C0F00C38B21 /* notice_icon.png in Resources */ = {isa = PBXBuildFile; fileRef = 05D1C20D1A234C0F00C38B21 /* notice_icon.png */; };
		05D1C25F1A234C0F00C38B21 /* notice_icon@2x.png in Resources */ = {isa = PBXBuildFile; fileRef = 05D1C20E1A234C0F00C38B21 /* notice_icon@2x.png */; };
		05D1C2601A234C0F00C38B21 /* score_cell_bg.png in Resources */ = {isa = PBXBuildFile; fileRef = 05D1C2101A234C0F00C38B21 /* score_cell_bg.png */; };
		05D1C2611A234C0F00C38B21 /* score_cell_bg@2x.png in Resources */ = {isa = PBXBuildFile; fileRef = 05D1C2111A234C0F00C38B21 /* score_cell_bg@2x.png */; };
		05D1C2621A234C0F00C38B21 /* setting_btn_on.png in Resources */ = {isa = PBXBuildFile; fileRef = 05D1C2131A234C0F00C38B21 /* setting_btn_on.png */; };
		05D1C2631A234C0F00C38B21 /* setting_btn_on@2x.png in Resources */ = {isa = PBXBuildFile; fileRef = 05D1C2141A234C0F00C38B21 /* setting_btn_on@2x.png */; };
		05D1C2641A234C0F00C38B21 /* setting_icon1.png in Resources */ = {isa = PBXBuildFile; fileRef = 05D1C2151A234C0F00C38B21 /* setting_icon1.png */; };
		05D1C2651A234C0F00C38B21 /* setting_icon1@2x.png in Resources */ = {isa = PBXBuildFile; fileRef = 05D1C2161A234C0F00C38B21 /* setting_icon1@2x.png */; };
		05D1C2661A234C0F00C38B21 /* setting_icon2.png in Resources */ = {isa = PBXBuildFile; fileRef = 05D1C2171A234C0F00C38B21 /* setting_icon2.png */; };
		05D1C2671A234C0F00C38B21 /* setting_icon2@2x.png in Resources */ = {isa = PBXBuildFile; fileRef = 05D1C2181A234C0F00C38B21 /* setting_icon2@2x.png */; };
		05D1C2681A234C0F00C38B21 /* setting_icon3.png in Resources */ = {isa = PBXBuildFile; fileRef = 05D1C2191A234C0F00C38B21 /* setting_icon3.png */; };
		05D1C2691A234C0F00C38B21 /* setting_icon3@2x.png in Resources */ = {isa = PBXBuildFile; fileRef = 05D1C21A1A234C0F00C38B21 /* setting_icon3@2x.png */; };
		05D1C26A1A234C0F00C38B21 /* setting_icon4.png in Resources */ = {isa = PBXBuildFile; fileRef = 05D1C21B1A234C0F00C38B21 /* setting_icon4.png */; };
		05D1C26B1A234C0F00C38B21 /* setting_icon4@2x.png in Resources */ = {isa = PBXBuildFile; fileRef = 05D1C21C1A234C0F00C38B21 /* setting_icon4@2x.png */; };
		05D1C26C1A234C0F00C38B21 /* setting_icon5.png in Resources */ = {isa = PBXBuildFile; fileRef = 05D1C21D1A234C0F00C38B21 /* setting_icon5.png */; };
		05D1C26D1A234C0F00C38B21 /* setting_icon5@2x.png in Resources */ = {isa = PBXBuildFile; fileRef = 05D1C21E1A234C0F00C38B21 /* setting_icon5@2x.png */; };
		05D1C26E1A234C0F00C38B21 /* setting_line.png in Resources */ = {isa = PBXBuildFile; fileRef = 05D1C21F1A234C0F00C38B21 /* setting_line.png */; };
		05D1C26F1A234C0F00C38B21 /* setting_line@2x.png in Resources */ = {isa = PBXBuildFile; fileRef = 05D1C2201A234C0F00C38B21 /* setting_line@2x.png */; };
		05D1C2701A234C0F00C38B21 /* tabbar_bg.png in Resources */ = {isa = PBXBuildFile; fileRef = 05D1C2221A234C0F00C38B21 /* tabbar_bg.png */; };
		05D1C2711A234C0F00C38B21 /* tabbar_bg@2x.png in Resources */ = {isa = PBXBuildFile; fileRef = 05D1C2231A234C0F00C38B21 /* tabbar_bg@2x.png */; };
		05D1C2721A234C0F00C38B21 /* tabbar_Home.png in Resources */ = {isa = PBXBuildFile; fileRef = 05D1C2241A234C0F00C38B21 /* tabbar_Home.png */; };
		05D1C2731A234C0F00C38B21 /* tabbar_Home@2x.png in Resources */ = {isa = PBXBuildFile; fileRef = 05D1C2251A234C0F00C38B21 /* tabbar_Home@2x.png */; };
		05D1C2741A234C0F00C38B21 /* tabbar_on.png in Resources */ = {isa = PBXBuildFile; fileRef = 05D1C2261A234C0F00C38B21 /* tabbar_on.png */; };
		05D1C2751A234C0F00C38B21 /* tabbar_on@2x.png in Resources */ = {isa = PBXBuildFile; fileRef = 05D1C2271A234C0F00C38B21 /* tabbar_on@2x.png */; };
		05D1C2761A234C0F00C38B21 /* tabbar_Settings.png in Resources */ = {isa = PBXBuildFile; fileRef = 05D1C2281A234C0F00C38B21 /* tabbar_Settings.png */; };
		05D1C2771A234C0F00C38B21 /* tabbar_Settings@2x.png in Resources */ = {isa = PBXBuildFile; fileRef = 05D1C2291A234C0F00C38B21 /* tabbar_Settings@2x.png */; };
		05D1C2781A234C0F00C38B21 /* tabbar_user.png in Resources */ = {isa = PBXBuildFile; fileRef = 05D1C22A1A234C0F00C38B21 /* tabbar_user.png */; };
		05D1C2791A234C0F00C38B21 /* tabbar_user@2x.png in Resources */ = {isa = PBXBuildFile; fileRef = 05D1C22B1A234C0F00C38B21 /* tabbar_user@2x.png */; };
		05D1C27D1A2360F100C38B21 /* xnggViewController.swift in Sources */ = {isa = PBXBuildFile; fileRef = 05D1C27C1A2360F100C38B21 /* xnggViewController.swift */; };
/* End PBXBuildFile section */

/* Begin PBXContainerItemProxy section */
		05D1C1C61A234B8100C38B21 /* PBXContainerItemProxy */ = {
			isa = PBXContainerItemProxy;
			containerPortal = 05D1C1A51A234B8100C38B21 /* Project object */;
			proxyType = 1;
			remoteGlobalIDString = 05D1C1AC1A234B8100C38B21;
			remoteInfo = nanyida;
		};
/* End PBXContainerItemProxy section */

/* Begin PBXFileReference section */
		051BF4A51A30AA4F003E1CE4 /* SettingViewController.swift */ = {isa = PBXFileReference; fileEncoding = 4; lastKnownFileType = sourcecode.swift; path = SettingViewController.swift; sourceTree = "<group>"; };
		0571AA1C1A24BDE0001B0690 /* ASIAuthenticationDialog.h */ = {isa = PBXFileReference; fileEncoding = 4; lastKnownFileType = sourcecode.c.h; path = ASIAuthenticationDialog.h; sourceTree = "<group>"; };
		0571AA1D1A24BDE0001B0690 /* ASIAuthenticationDialog.m */ = {isa = PBXFileReference; fileEncoding = 4; lastKnownFileType = sourcecode.c.objc; path = ASIAuthenticationDialog.m; sourceTree = "<group>"; };
		0571AA1E1A24BDE0001B0690 /* ASICacheDelegate.h */ = {isa = PBXFileReference; fileEncoding = 4; lastKnownFileType = sourcecode.c.h; path = ASICacheDelegate.h; sourceTree = "<group>"; };
		0571AA1F1A24BDE0001B0690 /* ASIDataCompressor.h */ = {isa = PBXFileReference; fileEncoding = 4; lastKnownFileType = sourcecode.c.h; path = ASIDataCompressor.h; sourceTree = "<group>"; };
		0571AA201A24BDE0001B0690 /* ASIDataCompressor.m */ = {isa = PBXFileReference; fileEncoding = 4; lastKnownFileType = sourcecode.c.objc; path = ASIDataCompressor.m; sourceTree = "<group>"; };
		0571AA211A24BDE0001B0690 /* ASIDataDecompressor.h */ = {isa = PBXFileReference; fileEncoding = 4; lastKnownFileType = sourcecode.c.h; path = ASIDataDecompressor.h; sourceTree = "<group>"; };
		0571AA221A24BDE0001B0690 /* ASIDataDecompressor.m */ = {isa = PBXFileReference; fileEncoding = 4; lastKnownFileType = sourcecode.c.objc; path = ASIDataDecompressor.m; sourceTree = "<group>"; };
		0571AA231A24BDE0001B0690 /* ASIDownloadCache.h */ = {isa = PBXFileReference; fileEncoding = 4; lastKnownFileType = sourcecode.c.h; path = ASIDownloadCache.h; sourceTree = "<group>"; };
		0571AA241A24BDE0001B0690 /* ASIDownloadCache.m */ = {isa = PBXFileReference; fileEncoding = 4; lastKnownFileType = sourcecode.c.objc; path = ASIDownloadCache.m; sourceTree = "<group>"; };
		0571AA251A24BDE0001B0690 /* ASIFormDataRequest.h */ = {isa = PBXFileReference; fileEncoding = 4; lastKnownFileType = sourcecode.c.h; path = ASIFormDataRequest.h; sourceTree = "<group>"; };
		0571AA261A24BDE0001B0690 /* ASIFormDataRequest.m */ = {isa = PBXFileReference; fileEncoding = 4; lastKnownFileType = sourcecode.c.objc; path = ASIFormDataRequest.m; sourceTree = "<group>"; };
		0571AA271A24BDE0001B0690 /* ASIHTTPRequest.h */ = {isa = PBXFileReference; fileEncoding = 4; lastKnownFileType = sourcecode.c.h; path = ASIHTTPRequest.h; sourceTree = "<group>"; };
		0571AA281A24BDE0001B0690 /* ASIHTTPRequest.m */ = {isa = PBXFileReference; fileEncoding = 4; lastKnownFileType = sourcecode.c.objc; path = ASIHTTPRequest.m; sourceTree = "<group>"; };
		0571AA291A24BDE0001B0690 /* ASIHTTPRequestConfig.h */ = {isa = PBXFileReference; fileEncoding = 4; lastKnownFileType = sourcecode.c.h; path = ASIHTTPRequestConfig.h; sourceTree = "<group>"; };
		0571AA2A1A24BDE0001B0690 /* ASIHTTPRequestDelegate.h */ = {isa = PBXFileReference; fileEncoding = 4; lastKnownFileType = sourcecode.c.h; path = ASIHTTPRequestDelegate.h; sourceTree = "<group>"; };
		0571AA2B1A24BDE0001B0690 /* ASIInputStream.h */ = {isa = PBXFileReference; fileEncoding = 4; lastKnownFileType = sourcecode.c.h; path = ASIInputStream.h; sourceTree = "<group>"; };
		0571AA2C1A24BDE0001B0690 /* ASIInputStream.m */ = {isa = PBXFileReference; fileEncoding = 4; lastKnownFileType = sourcecode.c.objc; path = ASIInputStream.m; sourceTree = "<group>"; };
		0571AA2D1A24BDE0001B0690 /* ASINetworkQueue.h */ = {isa = PBXFileReference; fileEncoding = 4; lastKnownFileType = sourcecode.c.h; path = ASINetworkQueue.h; sourceTree = "<group>"; };
		0571AA2E1A24BDE0001B0690 /* ASINetworkQueue.m */ = {isa = PBXFileReference; fileEncoding = 4; lastKnownFileType = sourcecode.c.objc; path = ASINetworkQueue.m; sourceTree = "<group>"; };
		0571AA2F1A24BDE0001B0690 /* ASIProgressDelegate.h */ = {isa = PBXFileReference; fileEncoding = 4; lastKnownFileType = sourcecode.c.h; path = ASIProgressDelegate.h; sourceTree = "<group>"; };
		0571AA311A24BDE0001B0690 /* ASIWebPageRequest.h */ = {isa = PBXFileReference; fileEncoding = 4; lastKnownFileType = sourcecode.c.h; path = ASIWebPageRequest.h; sourceTree = "<group>"; };
		0571AA321A24BDE0001B0690 /* ASIWebPageRequest.m */ = {isa = PBXFileReference; fileEncoding = 4; lastKnownFileType = sourcecode.c.objc; path = ASIWebPageRequest.m; sourceTree = "<group>"; };
		0571AA341A24BDE0001B0690 /* ASICloudFilesCDNRequest.h */ = {isa = PBXFileReference; fileEncoding = 4; lastKnownFileType = sourcecode.c.h; path = ASICloudFilesCDNRequest.h; sourceTree = "<group>"; };
		0571AA351A24BDE0001B0690 /* ASICloudFilesCDNRequest.m */ = {isa = PBXFileReference; fileEncoding = 4; lastKnownFileType = sourcecode.c.objc; path = ASICloudFilesCDNRequest.m; sourceTree = "<group>"; };
		0571AA361A24BDE0001B0690 /* ASICloudFilesContainer.h */ = {isa = PBXFileReference; fileEncoding = 4; lastKnownFileType = sourcecode.c.h; path = ASICloudFilesContainer.h; sourceTree = "<group>"; };
		0571AA371A24BDE0001B0690 /* ASICloudFilesContainer.m */ = {isa = PBXFileReference; fileEncoding = 4; lastKnownFileType = sourcecode.c.objc; path = ASICloudFilesContainer.m; sourceTree = "<group>"; };
		0571AA381A24BDE0001B0690 /* ASICloudFilesContainerRequest.h */ = {isa = PBXFileReference; fileEncoding = 4; lastKnownFileType = sourcecode.c.h; path = ASICloudFilesContainerRequest.h; sourceTree = "<group>"; };
		0571AA391A24BDE0001B0690 /* ASICloudFilesContainerRequest.m */ = {isa = PBXFileReference; fileEncoding = 4; lastKnownFileType = sourcecode.c.objc; path = ASICloudFilesContainerRequest.m; sourceTree = "<group>"; };
		0571AA3A1A24BDE0001B0690 /* ASICloudFilesContainerXMLParserDelegate.h */ = {isa = PBXFileReference; fileEncoding = 4; lastKnownFileType = sourcecode.c.h; path = ASICloudFilesContainerXMLParserDelegate.h; sourceTree = "<group>"; };
		0571AA3B1A24BDE0001B0690 /* ASICloudFilesContainerXMLParserDelegate.m */ = {isa = PBXFileReference; fileEncoding = 4; lastKnownFileType = sourcecode.c.objc; path = ASICloudFilesContainerXMLParserDelegate.m; sourceTree = "<group>"; };
		0571AA3C1A24BDE0001B0690 /* ASICloudFilesObject.h */ = {isa = PBXFileReference; fileEncoding = 4; lastKnownFileType = sourcecode.c.h; path = ASICloudFilesObject.h; sourceTree = "<group>"; };
		0571AA3D1A24BDE0001B0690 /* ASICloudFilesObject.m */ = {isa = PBXFileReference; fileEncoding = 4; lastKnownFileType = sourcecode.c.objc; path = ASICloudFilesObject.m; sourceTree = "<group>"; };
		0571AA3E1A24BDE0001B0690 /* ASICloudFilesObjectRequest.h */ = {isa = PBXFileReference; fileEncoding = 4; lastKnownFileType = sourcecode.c.h; path = ASICloudFilesObjectRequest.h; sourceTree = "<group>"; };
		0571AA3F1A24BDE0001B0690 /* ASICloudFilesObjectRequest.m */ = {isa = PBXFileReference; fileEncoding = 4; lastKnownFileType = sourcecode.c.objc; path = ASICloudFilesObjectRequest.m; sourceTree = "<group>"; };
		0571AA401A24BDE0001B0690 /* ASICloudFilesRequest.h */ = {isa = PBXFileReference; fileEncoding = 4; lastKnownFileType = sourcecode.c.h; path = ASICloudFilesRequest.h; sourceTree = "<group>"; };
		0571AA411A24BDE0001B0690 /* ASICloudFilesRequest.m */ = {isa = PBXFileReference; fileEncoding = 4; lastKnownFileType = sourcecode.c.objc; path = ASICloudFilesRequest.m; sourceTree = "<group>"; };
		0571AA431A24BDE0001B0690 /* ASINSXMLParserCompat.h */ = {isa = PBXFileReference; fileEncoding = 4; lastKnownFileType = sourcecode.c.h; path = ASINSXMLParserCompat.h; sourceTree = "<group>"; };
		0571AA441A24BDE0001B0690 /* ASIS3Bucket.h */ = {isa = PBXFileReference; fileEncoding = 4; lastKnownFileType = sourcecode.c.h; path = ASIS3Bucket.h; sourceTree = "<group>"; };
		0571AA451A24BDE0001B0690 /* ASIS3Bucket.m */ = {isa = PBXFileReference; fileEncoding = 4; lastKnownFileType = sourcecode.c.objc; path = ASIS3Bucket.m; sourceTree = "<group>"; };
		0571AA461A24BDE0001B0690 /* ASIS3BucketObject.h */ = {isa = PBXFileReference; fileEncoding = 4; lastKnownFileType = sourcecode.c.h; path = ASIS3BucketObject.h; sourceTree = "<group>"; };
		0571AA471A24BDE0001B0690 /* ASIS3BucketObject.m */ = {isa = PBXFileReference; fileEncoding = 4; lastKnownFileType = sourcecode.c.objc; path = ASIS3BucketObject.m; sourceTree = "<group>"; };
		0571AA481A24BDE0001B0690 /* ASIS3BucketRequest.h */ = {isa = PBXFileReference; fileEncoding = 4; lastKnownFileType = sourcecode.c.h; path = ASIS3BucketRequest.h; sourceTree = "<group>"; };
		0571AA491A24BDE0001B0690 /* ASIS3BucketRequest.m */ = {isa = PBXFileReference; fileEncoding = 4; lastKnownFileType = sourcecode.c.objc; path = ASIS3BucketRequest.m; sourceTree = "<group>"; };
		0571AA4A1A24BDE0001B0690 /* ASIS3ObjectRequest.h */ = {isa = PBXFileReference; fileEncoding = 4; lastKnownFileType = sourcecode.c.h; path = ASIS3ObjectRequest.h; sourceTree = "<group>"; };
		0571AA4B1A24BDE0001B0690 /* ASIS3ObjectRequest.m */ = {isa = PBXFileReference; fileEncoding = 4; lastKnownFileType = sourcecode.c.objc; path = ASIS3ObjectRequest.m; sourceTree = "<group>"; };
		0571AA4C1A24BDE0001B0690 /* ASIS3Request.h */ = {isa = PBXFileReference; fileEncoding = 4; lastKnownFileType = sourcecode.c.h; path = ASIS3Request.h; sourceTree = "<group>"; };
		0571AA4D1A24BDE0001B0690 /* ASIS3Request.m */ = {isa = PBXFileReference; fileEncoding = 4; lastKnownFileType = sourcecode.c.objc; path = ASIS3Request.m; sourceTree = "<group>"; };
		0571AA4E1A24BDE0001B0690 /* ASIS3ServiceRequest.h */ = {isa = PBXFileReference; fileEncoding = 4; lastKnownFileType = sourcecode.c.h; path = ASIS3ServiceRequest.h; sourceTree = "<group>"; };
		0571AA4F1A24BDE0001B0690 /* ASIS3ServiceRequest.m */ = {isa = PBXFileReference; fileEncoding = 4; lastKnownFileType = sourcecode.c.objc; path = ASIS3ServiceRequest.m; sourceTree = "<group>"; };
		0571AA511A24BDE0001B0690 /* ASICloudFilesRequestTests.h */ = {isa = PBXFileReference; fileEncoding = 4; lastKnownFileType = sourcecode.c.h; path = ASICloudFilesRequestTests.h; sourceTree = "<group>"; };
		0571AA521A24BDE0001B0690 /* ASICloudFilesRequestTests.m */ = {isa = PBXFileReference; fileEncoding = 4; lastKnownFileType = sourcecode.c.objc; path = ASICloudFilesRequestTests.m; sourceTree = "<group>"; };
		0571AA531A24BDE0001B0690 /* ASIDataCompressorTests.h */ = {isa = PBXFileReference; fileEncoding = 4; lastKnownFileType = sourcecode.c.h; path = ASIDataCompressorTests.h; sourceTree = "<group>"; };
		0571AA541A24BDE0001B0690 /* ASIDataCompressorTests.m */ = {isa = PBXFileReference; fileEncoding = 4; lastKnownFileType = sourcecode.c.objc; path = ASIDataCompressorTests.m; sourceTree = "<group>"; };
		0571AA551A24BDE0001B0690 /* ASIDownloadCacheTests.h */ = {isa = PBXFileReference; fileEncoding = 4; lastKnownFileType = sourcecode.c.h; path = ASIDownloadCacheTests.h; sourceTree = "<group>"; };
		0571AA561A24BDE0001B0690 /* ASIDownloadCacheTests.m */ = {isa = PBXFileReference; fileEncoding = 4; lastKnownFileType = sourcecode.c.objc; path = ASIDownloadCacheTests.m; sourceTree = "<group>"; };
		0571AA571A24BDE0001B0690 /* ASIFormDataRequestTests.h */ = {isa = PBXFileReference; fileEncoding = 4; lastKnownFileType = sourcecode.c.h; path = ASIFormDataRequestTests.h; sourceTree = "<group>"; };
		0571AA581A24BDE0001B0690 /* ASIFormDataRequestTests.m */ = {isa = PBXFileReference; fileEncoding = 4; lastKnownFileType = sourcecode.c.objc; path = ASIFormDataRequestTests.m; sourceTree = "<group>"; };
		0571AA591A24BDE0001B0690 /* ASIHTTPRequestTests.h */ = {isa = PBXFileReference; fileEncoding = 4; lastKnownFileType = sourcecode.c.h; path = ASIHTTPRequestTests.h; sourceTree = "<group>"; };
		0571AA5A1A24BDE0001B0690 /* ASIHTTPRequestTests.m */ = {isa = PBXFileReference; fileEncoding = 4; lastKnownFileType = sourcecode.c.objc; path = ASIHTTPRequestTests.m; sourceTree = "<group>"; };
		0571AA5B1A24BDE0001B0690 /* ASINetworkQueueTests.h */ = {isa = PBXFileReference; fileEncoding = 4; lastKnownFileType = sourcecode.c.h; path = ASINetworkQueueTests.h; sourceTree = "<group>"; };
		0571AA5C1A24BDE0001B0690 /* ASINetworkQueueTests.m */ = {isa = PBXFileReference; fileEncoding = 4; lastKnownFileType = sourcecode.c.objc; path = ASINetworkQueueTests.m; sourceTree = "<group>"; };
		0571AA5D1A24BDE0001B0690 /* ASIS3RequestTests.h */ = {isa = PBXFileReference; fileEncoding = 4; lastKnownFileType = sourcecode.c.h; path = ASIS3RequestTests.h; sourceTree = "<group>"; };
		0571AA5E1A24BDE0001B0690 /* ASIS3RequestTests.m */ = {isa = PBXFileReference; fileEncoding = 4; lastKnownFileType = sourcecode.c.objc; path = ASIS3RequestTests.m; sourceTree = "<group>"; };
		0571AA5F1A24BDE0001B0690 /* ASITestCase.h */ = {isa = PBXFileReference; fileEncoding = 4; lastKnownFileType = sourcecode.c.h; path = ASITestCase.h; sourceTree = "<group>"; };
		0571AA601A24BDE0001B0690 /* ASITestCase.m */ = {isa = PBXFileReference; fileEncoding = 4; lastKnownFileType = sourcecode.c.objc; path = ASITestCase.m; sourceTree = "<group>"; };
		0571AA611A24BDE0001B0690 /* ASIWebPageRequestTests.h */ = {isa = PBXFileReference; fileEncoding = 4; lastKnownFileType = sourcecode.c.h; path = ASIWebPageRequestTests.h; sourceTree = "<group>"; };
		0571AA621A24BDE0001B0690 /* ASIWebPageRequestTests.m */ = {isa = PBXFileReference; fileEncoding = 4; lastKnownFileType = sourcecode.c.objc; path = ASIWebPageRequestTests.m; sourceTree = "<group>"; };
		0571AA631A24BDE0001B0690 /* BlocksTests.h */ = {isa = PBXFileReference; fileEncoding = 4; lastKnownFileType = sourcecode.c.h; path = BlocksTests.h; sourceTree = "<group>"; };
		0571AA641A24BDE0001B0690 /* BlocksTests.m */ = {isa = PBXFileReference; fileEncoding = 4; lastKnownFileType = sourcecode.c.objc; path = BlocksTests.m; sourceTree = "<group>"; };
		0571AA651A24BDE0001B0690 /* ClientCertificateTests.h */ = {isa = PBXFileReference; fileEncoding = 4; lastKnownFileType = sourcecode.c.h; path = ClientCertificateTests.h; sourceTree = "<group>"; };
		0571AA661A24BDE0001B0690 /* ClientCertificateTests.m */ = {isa = PBXFileReference; fileEncoding = 4; lastKnownFileType = sourcecode.c.objc; path = ClientCertificateTests.m; sourceTree = "<group>"; };
		0571AA671A24BDE0001B0690 /* GHUnitTestMain.m */ = {isa = PBXFileReference; fileEncoding = 4; lastKnownFileType = sourcecode.c.objc; path = GHUnitTestMain.m; sourceTree = "<group>"; };
		0571AA681A24BDE0001B0690 /* PerformanceTests.h */ = {isa = PBXFileReference; fileEncoding = 4; lastKnownFileType = sourcecode.c.h; path = PerformanceTests.h; sourceTree = "<group>"; };
		0571AA691A24BDE0001B0690 /* PerformanceTests.m */ = {isa = PBXFileReference; fileEncoding = 4; lastKnownFileType = sourcecode.c.objc; path = PerformanceTests.m; sourceTree = "<group>"; };
		0571AA6A1A24BDE0001B0690 /* ProxyTests.h */ = {isa = PBXFileReference; fileEncoding = 4; lastKnownFileType = sourcecode.c.h; path = ProxyTests.h; sourceTree = "<group>"; };
		0571AA6B1A24BDE0001B0690 /* ProxyTests.m */ = {isa = PBXFileReference; fileEncoding = 4; lastKnownFileType = sourcecode.c.objc; path = ProxyTests.m; sourceTree = "<group>"; };
		0571AA6C1A24BDE0001B0690 /* StressTests.h */ = {isa = PBXFileReference; fileEncoding = 4; lastKnownFileType = sourcecode.c.h; path = StressTests.h; sourceTree = "<group>"; };
		0571AA6D1A24BDE0001B0690 /* StressTests.m */ = {isa = PBXFileReference; fileEncoding = 4; lastKnownFileType = sourcecode.c.objc; path = StressTests.m; sourceTree = "<group>"; };
		0571AA931A24C62E001B0690 /* CFNetwork.framework */ = {isa = PBXFileReference; lastKnownFileType = wrapper.framework; name = CFNetwork.framework; path = System/Library/Frameworks/CFNetwork.framework; sourceTree = SDKROOT; };
		0571AA9D1A24C6FA001B0690 /* Reachability.h */ = {isa = PBXFileReference; fileEncoding = 4; lastKnownFileType = sourcecode.c.h; name = Reachability.h; path = "../../../pokeb-asi-http-request-9051a33/External/Reachability/Reachability.h"; sourceTree = "<group>"; };
		0571AA9E1A24C6FA001B0690 /* Reachability.m */ = {isa = PBXFileReference; fileEncoding = 4; lastKnownFileType = sourcecode.c.objc; name = Reachability.m; path = "../../../pokeb-asi-http-request-9051a33/External/Reachability/Reachability.m"; sourceTree = "<group>"; };
		0571AAA01A24C8BA001B0690 /* libxml2.dylib */ = {isa = PBXFileReference; lastKnownFileType = "compiled.mach-o.dylib"; name = libxml2.dylib; path = usr/lib/libxml2.dylib; sourceTree = SDKROOT; };
		0571AAA21A24CAB5001B0690 /* libz.dylib */ = {isa = PBXFileReference; lastKnownFileType = "compiled.mach-o.dylib"; name = libz.dylib; path = usr/lib/libz.dylib; sourceTree = SDKROOT; };
		05C98D2D1A2E166000924A66 /* UserViewController.swift */ = {isa = PBXFileReference; fileEncoding = 4; lastKnownFileType = sourcecode.swift; name = UserViewController.swift; path = ../UserViewController.swift; sourceTree = "<group>"; };
		05D1C1AD1A234B8100C38B21 /* nanyida.app */ = {isa = PBXFileReference; explicitFileType = wrapper.application; includeInIndex = 0; path = nanyida.app; sourceTree = BUILT_PRODUCTS_DIR; };
		05D1C1B11A234B8100C38B21 /* Info.plist */ = {isa = PBXFileReference; lastKnownFileType = text.plist.xml; path = Info.plist; sourceTree = "<group>"; };
		05D1C1B21A234B8100C38B21 /* AppDelegate.swift */ = {isa = PBXFileReference; lastKnownFileType = sourcecode.swift; path = AppDelegate.swift; sourceTree = "<group>"; };
		05D1C1B51A234B8100C38B21 /* nanyida.xcdatamodel */ = {isa = PBXFileReference; lastKnownFileType = wrapper.xcdatamodel; path = nanyida.xcdatamodel; sourceTree = "<group>"; };
		05D1C1B71A234B8100C38B21 /* ViewController.swift */ = {isa = PBXFileReference; lastKnownFileType = sourcecode.swift; path = ViewController.swift; sourceTree = "<group>"; };
		05D1C1BA1A234B8100C38B21 /* Base */ = {isa = PBXFileReference; lastKnownFileType = file.storyboard; name = Base; path = Base.lproj/Main.storyboard; sourceTree = "<group>"; };
		05D1C1BC1A234B8100C38B21 /* Images.xcassets */ = {isa = PBXFileReference; lastKnownFileType = folder.assetcatalog; path = Images.xcassets; sourceTree = "<group>"; };
		05D1C1BF1A234B8100C38B21 /* Base */ = {isa = PBXFileReference; lastKnownFileType = file.xib; name = Base; path = Base.lproj/LaunchScreen.xib; sourceTree = "<group>"; };
		05D1C1C51A234B8100C38B21 /* nanyidaTests.xctest */ = {isa = PBXFileReference; explicitFileType = wrapper.cfbundle; includeInIndex = 0; path = nanyidaTests.xctest; sourceTree = BUILT_PRODUCTS_DIR; };
		05D1C1CA1A234B8100C38B21 /* Info.plist */ = {isa = PBXFileReference; lastKnownFileType = text.plist.xml; path = Info.plist; sourceTree = "<group>"; };
		05D1C1CB1A234B8100C38B21 /* nanyidaTests.swift */ = {isa = PBXFileReference; lastKnownFileType = sourcecode.swift; path = nanyidaTests.swift; sourceTree = "<group>"; };
		05D1C1D61A234C0F00C38B21 /* apply_bg.png */ = {isa = PBXFileReference; lastKnownFileType = image.png; path = apply_bg.png; sourceTree = "<group>"; };
		05D1C1D71A234C0F00C38B21 /* apply_bg@2x.png */ = {isa = PBXFileReference; lastKnownFileType = image.png; path = "apply_bg@2x.png"; sourceTree = "<group>"; };
		05D1C1D81A234C0F00C38B21 /* apply_btn_submit.png */ = {isa = PBXFileReference; lastKnownFileType = image.png; path = apply_btn_submit.png; sourceTree = "<group>"; };
		05D1C1D91A234C0F00C38B21 /* apply_btn_submit@2x.png */ = {isa = PBXFileReference; lastKnownFileType = image.png; path = "apply_btn_submit@2x.png"; sourceTree = "<group>"; };
		05D1C1DA1A234C0F00C38B21 /* btn_back.png */ = {isa = PBXFileReference; lastKnownFileType = image.png; name = btn_back.png; path = "../../edu/切图/btn_back.png"; sourceTree = "<group>"; };
		05D1C1DB1A234C0F00C38B21 /* btn_back@2x.png */ = {isa = PBXFileReference; lastKnownFileType = image.png; name = "btn_back@2x.png"; path = "../../edu/切图/btn_back@2x.png"; sourceTree = "<group>"; };
		05D1C1DD1A234C0F00C38B21 /* curriculum_ morning.png */ = {isa = PBXFileReference; lastKnownFileType = image.png; path = "curriculum_ morning.png"; sourceTree = "<group>"; };
		05D1C1DE1A234C0F00C38B21 /* curriculum_ morning@2x.png */ = {isa = PBXFileReference; lastKnownFileType = image.png; path = "curriculum_ morning@2x.png"; sourceTree = "<group>"; };
		05D1C1DF1A234C0F00C38B21 /* curriculum_afternoon.png */ = {isa = PBXFileReference; lastKnownFileType = image.png; path = curriculum_afternoon.png; sourceTree = "<group>"; };
		05D1C1E01A234C0F00C38B21 /* curriculum_afternoon@2x.png */ = {isa = PBXFileReference; lastKnownFileType = image.png; path = "curriculum_afternoon@2x.png"; sourceTree = "<group>"; };
		05D1C1E11A234C0F00C38B21 /* curriculum_bg.png */ = {isa = PBXFileReference; lastKnownFileType = image.png; path = curriculum_bg.png; sourceTree = "<group>"; };
		05D1C1E21A234C0F00C38B21 /* curriculum_bg@2x.png */ = {isa = PBXFileReference; lastKnownFileType = image.png; path = "curriculum_bg@2x.png"; sourceTree = "<group>"; };
		05D1C1E31A234C0F00C38B21 /* curriculum_border.png */ = {isa = PBXFileReference; lastKnownFileType = image.png; path = curriculum_border.png; sourceTree = "<group>"; };
		05D1C1E41A234C0F00C38B21 /* curriculum_border@2x.png */ = {isa = PBXFileReference; lastKnownFileType = image.png; path = "curriculum_border@2x.png"; sourceTree = "<group>"; };
		05D1C1E51A234C0F00C38B21 /* curriculum_btn_alert.png */ = {isa = PBXFileReference; lastKnownFileType = image.png; path = curriculum_btn_alert.png; sourceTree = "<group>"; };
		05D1C1E61A234C0F00C38B21 /* curriculum_btn_alert@2x.png */ = {isa = PBXFileReference; lastKnownFileType = image.png; path = "curriculum_btn_alert@2x.png"; sourceTree = "<group>"; };
		05D1C1E71A234C0F00C38B21 /* curriculum_btn_confirm.png */ = {isa = PBXFileReference; lastKnownFileType = image.png; path = curriculum_btn_confirm.png; sourceTree = "<group>"; };
		05D1C1E81A234C0F00C38B21 /* curriculum_btn_confirm@2x.png */ = {isa = PBXFileReference; lastKnownFileType = image.png; path = "curriculum_btn_confirm@2x.png"; sourceTree = "<group>"; };
		05D1C1E91A234C0F00C38B21 /* curriculum_btn_detail.png */ = {isa = PBXFileReference; lastKnownFileType = image.png; path = curriculum_btn_detail.png; sourceTree = "<group>"; };
		05D1C1EA1A234C0F00C38B21 /* curriculum_btn_detail@2x.png */ = {isa = PBXFileReference; lastKnownFileType = image.png; path = "curriculum_btn_detail@2x.png"; sourceTree = "<group>"; };
		05D1C1EB1A234C0F00C38B21 /* curriculum_main_bg.png */ = {isa = PBXFileReference; lastKnownFileType = image.png; path = curriculum_main_bg.png; sourceTree = "<group>"; };
		05D1C1EC1A234C0F00C38B21 /* curriculum_main_bg@2x.png */ = {isa = PBXFileReference; lastKnownFileType = image.png; path = "curriculum_main_bg@2x.png"; sourceTree = "<group>"; };
		05D1C1EE1A234C0F00C38B21 /* index_banner.png */ = {isa = PBXFileReference; lastKnownFileType = image.png; path = index_banner.png; sourceTree = "<group>"; };
		05D1C1EF1A234C0F00C38B21 /* index_banner@2x.png */ = {isa = PBXFileReference; lastKnownFileType = image.png; path = "index_banner@2x.png"; sourceTree = "<group>"; };
		05D1C1F01A234C0F00C38B21 /* index_btn_cjcx.png */ = {isa = PBXFileReference; lastKnownFileType = image.png; path = index_btn_cjcx.png; sourceTree = "<group>"; };
		05D1C1F11A234C0F00C38B21 /* index_btn_cjcx@2x.png */ = {isa = PBXFileReference; lastKnownFileType = image.png; path = "index_btn_cjcx@2x.png"; sourceTree = "<group>"; };
		05D1C1F21A234C0F00C38B21 /* index_btn_hksq.png */ = {isa = PBXFileReference; lastKnownFileType = image.png; path = index_btn_hksq.png; sourceTree = "<group>"; };
		05D1C1F31A234C0F00C38B21 /* index_btn_hksq@2x.png */ = {isa = PBXFileReference; lastKnownFileType = image.png; path = "index_btn_hksq@2x.png"; sourceTree = "<group>"; };
		05D1C1F41A234C0F00C38B21 /* index_btn_jxpj.png */ = {isa = PBXFileReference; lastKnownFileType = image.png; path = index_btn_jxpj.png; sourceTree = "<group>"; };
		05D1C1F51A234C0F00C38B21 /* index_btn_jxpj@2x.png */ = {isa = PBXFileReference; lastKnownFileType = image.png; path = "index_btn_jxpj@2x.png"; sourceTree = "<group>"; };
		05D1C1F61A234C0F00C38B21 /* index_btn_wdkb.png */ = {isa = PBXFileReference; lastKnownFileType = image.png; path = index_btn_wdkb.png; sourceTree = "<group>"; };
		05D1C1F71A234C0F00C38B21 /* index_btn_wdkb@2x.png */ = {isa = PBXFileReference; lastKnownFileType = image.png; path = "index_btn_wdkb@2x.png"; sourceTree = "<group>"; };
		05D1C1F81A234C0F00C38B21 /* index_btn_xksq.png */ = {isa = PBXFileReference; lastKnownFileType = image.png; path = index_btn_xksq.png; sourceTree = "<group>"; };
		05D1C1F91A234C0F00C38B21 /* index_btn_xksq@2x.png */ = {isa = PBXFileReference; lastKnownFileType = image.png; path = "index_btn_xksq@2x.png"; sourceTree = "<group>"; };
		05D1C1FA1A234C0F00C38B21 /* index_btn_xngg.png */ = {isa = PBXFileReference; lastKnownFileType = image.png; path = index_btn_xngg.png; sourceTree = "<group>"; };
		05D1C1FB1A234C0F00C38B21 /* index_btn_xngg@2x.png */ = {isa = PBXFileReference; lastKnownFileType = image.png; path = "index_btn_xngg@2x.png"; sourceTree = "<group>"; };
		05D1C1FC1A234C0F00C38B21 /* index_btn_xtsz.png */ = {isa = PBXFileReference; lastKnownFileType = image.png; path = index_btn_xtsz.png; sourceTree = "<group>"; };
		05D1C1FD1A234C0F00C38B21 /* index_btn_xtsz@2x.png */ = {isa = PBXFileReference; lastKnownFileType = image.png; path = "index_btn_xtsz@2x.png"; sourceTree = "<group>"; };
		05D1C1FF1A234C0F00C38B21 /* info_bg.png */ = {isa = PBXFileReference; lastKnownFileType = image.png; path = info_bg.png; sourceTree = "<group>"; };
		05D1C2001A234C0F00C38B21 /* info_bg@2x.png */ = {isa = PBXFileReference; lastKnownFileType = image.png; path = "info_bg@2x.png"; sourceTree = "<group>"; };
		05D1C2011A234C0F00C38B21 /* info_title_bg.png */ = {isa = PBXFileReference; lastKnownFileType = image.png; path = info_title_bg.png; sourceTree = "<group>"; };
		05D1C2021A234C0F00C38B21 /* info_title_bg@2x.png */ = {isa = PBXFileReference; lastKnownFileType = image.png; path = "info_title_bg@2x.png"; sourceTree = "<group>"; };
		05D1C2041A234C0F00C38B21 /* login_bg.png */ = {isa = PBXFileReference; lastKnownFileType = image.png; path = login_bg.png; sourceTree = "<group>"; };
		05D1C2051A234C0F00C38B21 /* login_bg@2x.png */ = {isa = PBXFileReference; lastKnownFileType = image.png; path = "login_bg@2x.png"; sourceTree = "<group>"; };
		05D1C2061A234C0F00C38B21 /* login_btn.png */ = {isa = PBXFileReference; lastKnownFileType = image.png; path = login_btn.png; sourceTree = "<group>"; };
		05D1C2071A234C0F00C38B21 /* login_btn@2x.png */ = {isa = PBXFileReference; lastKnownFileType = image.png; path = "login_btn@2x.png"; sourceTree = "<group>"; };
		05D1C2081A234C0F00C38B21 /* login_input.png */ = {isa = PBXFileReference; lastKnownFileType = image.png; path = login_input.png; sourceTree = "<group>"; };
		05D1C2091A234C0F00C38B21 /* login_input@2x.png */ = {isa = PBXFileReference; lastKnownFileType = image.png; path = "login_input@2x.png"; sourceTree = "<group>"; };
		05D1C20A1A234C0F00C38B21 /* nav_bg.png */ = {isa = PBXFileReference; lastKnownFileType = image.png; name = nav_bg.png; path = "../../edu/切图/nav_bg.png"; sourceTree = "<group>"; };
		05D1C20B1A234C0F00C38B21 /* nav_bg@2x.png */ = {isa = PBXFileReference; lastKnownFileType = image.png; name = "nav_bg@2x.png"; path = "../../edu/切图/nav_bg@2x.png"; sourceTree = "<group>"; };
		05D1C20D1A234C0F00C38B21 /* notice_icon.png */ = {isa = PBXFileReference; lastKnownFileType = image.png; path = notice_icon.png; sourceTree = "<group>"; };
		05D1C20E1A234C0F00C38B21 /* notice_icon@2x.png */ = {isa = PBXFileReference; lastKnownFileType = image.png; path = "notice_icon@2x.png"; sourceTree = "<group>"; };
		05D1C2101A234C0F00C38B21 /* score_cell_bg.png */ = {isa = PBXFileReference; lastKnownFileType = image.png; path = score_cell_bg.png; sourceTree = "<group>"; };
		05D1C2111A234C0F00C38B21 /* score_cell_bg@2x.png */ = {isa = PBXFileReference; lastKnownFileType = image.png; path = "score_cell_bg@2x.png"; sourceTree = "<group>"; };
		05D1C2131A234C0F00C38B21 /* setting_btn_on.png */ = {isa = PBXFileReference; lastKnownFileType = image.png; path = setting_btn_on.png; sourceTree = "<group>"; };
		05D1C2141A234C0F00C38B21 /* setting_btn_on@2x.png */ = {isa = PBXFileReference; lastKnownFileType = image.png; path = "setting_btn_on@2x.png"; sourceTree = "<group>"; };
		05D1C2151A234C0F00C38B21 /* setting_icon1.png */ = {isa = PBXFileReference; lastKnownFileType = image.png; path = setting_icon1.png; sourceTree = "<group>"; };
		05D1C2161A234C0F00C38B21 /* setting_icon1@2x.png */ = {isa = PBXFileReference; lastKnownFileType = image.png; path = "setting_icon1@2x.png"; sourceTree = "<group>"; };
		05D1C2171A234C0F00C38B21 /* setting_icon2.png */ = {isa = PBXFileReference; lastKnownFileType = image.png; path = setting_icon2.png; sourceTree = "<group>"; };
		05D1C2181A234C0F00C38B21 /* setting_icon2@2x.png */ = {isa = PBXFileReference; lastKnownFileType = image.png; path = "setting_icon2@2x.png"; sourceTree = "<group>"; };
		05D1C2191A234C0F00C38B21 /* setting_icon3.png */ = {isa = PBXFileReference; lastKnownFileType = image.png; path = setting_icon3.png; sourceTree = "<group>"; };
		05D1C21A1A234C0F00C38B21 /* setting_icon3@2x.png */ = {isa = PBXFileReference; lastKnownFileType = image.png; path = "setting_icon3@2x.png"; sourceTree = "<group>"; };
		05D1C21B1A234C0F00C38B21 /* setting_icon4.png */ = {isa = PBXFileReference; lastKnownFileType = image.png; path = setting_icon4.png; sourceTree = "<group>"; };
		05D1C21C1A234C0F00C38B21 /* setting_icon4@2x.png */ = {isa = PBXFileReference; lastKnownFileType = image.png; path = "setting_icon4@2x.png"; sourceTree = "<group>"; };
		05D1C21D1A234C0F00C38B21 /* setting_icon5.png */ = {isa = PBXFileReference; lastKnownFileType = image.png; path = setting_icon5.png; sourceTree = "<group>"; };
		05D1C21E1A234C0F00C38B21 /* setting_icon5@2x.png */ = {isa = PBXFileReference; lastKnownFileType = image.png; path = "setting_icon5@2x.png"; sourceTree = "<group>"; };
		05D1C21F1A234C0F00C38B21 /* setting_line.png */ = {isa = PBXFileReference; lastKnownFileType = image.png; path = setting_line.png; sourceTree = "<group>"; };
		05D1C2201A234C0F00C38B21 /* setting_line@2x.png */ = {isa = PBXFileReference; lastKnownFileType = image.png; path = "setting_line@2x.png"; sourceTree = "<group>"; };
		05D1C2221A234C0F00C38B21 /* tabbar_bg.png */ = {isa = PBXFileReference; lastKnownFileType = image.png; path = tabbar_bg.png; sourceTree = "<group>"; };
		05D1C2231A234C0F00C38B21 /* tabbar_bg@2x.png */ = {isa = PBXFileReference; lastKnownFileType = image.png; path = "tabbar_bg@2x.png"; sourceTree = "<group>"; };
		05D1C2241A234C0F00C38B21 /* tabbar_Home.png */ = {isa = PBXFileReference; lastKnownFileType = image.png; path = tabbar_Home.png; sourceTree = "<group>"; };
		05D1C2251A234C0F00C38B21 /* tabbar_Home@2x.png */ = {isa = PBXFileReference; lastKnownFileType = image.png; path = "tabbar_Home@2x.png"; sourceTree = "<group>"; };
		05D1C2261A234C0F00C38B21 /* tabbar_on.png */ = {isa = PBXFileReference; lastKnownFileType = image.png; path = tabbar_on.png; sourceTree = "<group>"; };
		05D1C2271A234C0F00C38B21 /* tabbar_on@2x.png */ = {isa = PBXFileReference; lastKnownFileType = image.png; path = "tabbar_on@2x.png"; sourceTree = "<group>"; };
		05D1C2281A234C0F00C38B21 /* tabbar_Settings.png */ = {isa = PBXFileReference; lastKnownFileType = image.png; path = tabbar_Settings.png; sourceTree = "<group>"; };
		05D1C2291A234C0F00C38B21 /* tabbar_Settings@2x.png */ = {isa = PBXFileReference; lastKnownFileType = image.png; path = "tabbar_Settings@2x.png"; sourceTree = "<group>"; };
		05D1C22A1A234C0F00C38B21 /* tabbar_user.png */ = {isa = PBXFileReference; lastKnownFileType = image.png; path = tabbar_user.png; sourceTree = "<group>"; };
		05D1C22B1A234C0F00C38B21 /* tabbar_user@2x.png */ = {isa = PBXFileReference; lastKnownFileType = image.png; path = "tabbar_user@2x.png"; sourceTree = "<group>"; };
		05D1C27C1A2360F100C38B21 /* xnggViewController.swift */ = {isa = PBXFileReference; fileEncoding = 4; lastKnownFileType = sourcecode.swift; path = xnggViewController.swift; sourceTree = "<group>"; };
/* End PBXFileReference section */

/* Begin PBXFrameworksBuildPhase section */
		05D1C1AA1A234B8100C38B21 /* Frameworks */ = {
			isa = PBXFrameworksBuildPhase;
			buildActionMask = 2147483647;
			files = (
				0571AAA31A24CAB5001B0690 /* libz.dylib in Frameworks */,
				0571AAA11A24C8BA001B0690 /* libxml2.dylib in Frameworks */,
			);
			runOnlyForDeploymentPostprocessing = 0;
		};
		05D1C1C21A234B8100C38B21 /* Frameworks */ = {
			isa = PBXFrameworksBuildPhase;
			buildActionMask = 2147483647;
			files = (
			);
			runOnlyForDeploymentPostprocessing = 0;
		};
/* End PBXFrameworksBuildPhase section */

/* Begin PBXGroup section */
		0571AA1B1A24BDE0001B0690 /* Classes */ = {
			isa = PBXGroup;
			children = (
				0571AA9D1A24C6FA001B0690 /* Reachability.h */,
				0571AA9E1A24C6FA001B0690 /* Reachability.m */,
				0571AA1C1A24BDE0001B0690 /* ASIAuthenticationDialog.h */,
				0571AA1D1A24BDE0001B0690 /* ASIAuthenticationDialog.m */,
				0571AA1E1A24BDE0001B0690 /* ASICacheDelegate.h */,
				0571AA1F1A24BDE0001B0690 /* ASIDataCompressor.h */,
				0571AA201A24BDE0001B0690 /* ASIDataCompressor.m */,
				0571AA211A24BDE0001B0690 /* ASIDataDecompressor.h */,
				0571AA221A24BDE0001B0690 /* ASIDataDecompressor.m */,
				0571AA231A24BDE0001B0690 /* ASIDownloadCache.h */,
				0571AA241A24BDE0001B0690 /* ASIDownloadCache.m */,
				0571AA251A24BDE0001B0690 /* ASIFormDataRequest.h */,
				0571AA261A24BDE0001B0690 /* ASIFormDataRequest.m */,
				0571AA271A24BDE0001B0690 /* ASIHTTPRequest.h */,
				0571AA281A24BDE0001B0690 /* ASIHTTPRequest.m */,
				0571AA291A24BDE0001B0690 /* ASIHTTPRequestConfig.h */,
				0571AA2A1A24BDE0001B0690 /* ASIHTTPRequestDelegate.h */,
				0571AA2B1A24BDE0001B0690 /* ASIInputStream.h */,
				0571AA2C1A24BDE0001B0690 /* ASIInputStream.m */,
				0571AA2D1A24BDE0001B0690 /* ASINetworkQueue.h */,
				0571AA2E1A24BDE0001B0690 /* ASINetworkQueue.m */,
				0571AA2F1A24BDE0001B0690 /* ASIProgressDelegate.h */,
				0571AA301A24BDE0001B0690 /* ASIWebPageRequest */,
				0571AA331A24BDE0001B0690 /* CloudFiles */,
				0571AA421A24BDE0001B0690 /* S3 */,
				0571AA501A24BDE0001B0690 /* Tests */,
			);
			path = Classes;
			sourceTree = "<group>";
		};
		0571AA301A24BDE0001B0690 /* ASIWebPageRequest */ = {
			isa = PBXGroup;
			children = (
				0571AA311A24BDE0001B0690 /* ASIWebPageRequest.h */,
				0571AA321A24BDE0001B0690 /* ASIWebPageRequest.m */,
			);
			path = ASIWebPageRequest;
			sourceTree = "<group>";
		};
		0571AA331A24BDE0001B0690 /* CloudFiles */ = {
			isa = PBXGroup;
			children = (
				0571AA341A24BDE0001B0690 /* ASICloudFilesCDNRequest.h */,
				0571AA351A24BDE0001B0690 /* ASICloudFilesCDNRequest.m */,
				0571AA361A24BDE0001B0690 /* ASICloudFilesContainer.h */,
				0571AA371A24BDE0001B0690 /* ASICloudFilesContainer.m */,
				0571AA381A24BDE0001B0690 /* ASICloudFilesContainerRequest.h */,
				0571AA391A24BDE0001B0690 /* ASICloudFilesContainerRequest.m */,
				0571AA3A1A24BDE0001B0690 /* ASICloudFilesContainerXMLParserDelegate.h */,
				0571AA3B1A24BDE0001B0690 /* ASICloudFilesContainerXMLParserDelegate.m */,
				0571AA3C1A24BDE0001B0690 /* ASICloudFilesObject.h */,
				0571AA3D1A24BDE0001B0690 /* ASICloudFilesObject.m */,
				0571AA3E1A24BDE0001B0690 /* ASICloudFilesObjectRequest.h */,
				0571AA3F1A24BDE0001B0690 /* ASICloudFilesObjectRequest.m */,
				0571AA401A24BDE0001B0690 /* ASICloudFilesRequest.h */,
				0571AA411A24BDE0001B0690 /* ASICloudFilesRequest.m */,
			);
			path = CloudFiles;
			sourceTree = "<group>";
		};
		0571AA421A24BDE0001B0690 /* S3 */ = {
			isa = PBXGroup;
			children = (
				0571AA431A24BDE0001B0690 /* ASINSXMLParserCompat.h */,
				0571AA441A24BDE0001B0690 /* ASIS3Bucket.h */,
				0571AA451A24BDE0001B0690 /* ASIS3Bucket.m */,
				0571AA461A24BDE0001B0690 /* ASIS3BucketObject.h */,
				0571AA471A24BDE0001B0690 /* ASIS3BucketObject.m */,
				0571AA481A24BDE0001B0690 /* ASIS3BucketRequest.h */,
				0571AA491A24BDE0001B0690 /* ASIS3BucketRequest.m */,
				0571AA4A1A24BDE0001B0690 /* ASIS3ObjectRequest.h */,
				0571AA4B1A24BDE0001B0690 /* ASIS3ObjectRequest.m */,
				0571AA4C1A24BDE0001B0690 /* ASIS3Request.h */,
				0571AA4D1A24BDE0001B0690 /* ASIS3Request.m */,
				0571AA4E1A24BDE0001B0690 /* ASIS3ServiceRequest.h */,
				0571AA4F1A24BDE0001B0690 /* ASIS3ServiceRequest.m */,
			);
			path = S3;
			sourceTree = "<group>";
		};
		0571AA501A24BDE0001B0690 /* Tests */ = {
			isa = PBXGroup;
			children = (
				0571AA511A24BDE0001B0690 /* ASICloudFilesRequestTests.h */,
				0571AA521A24BDE0001B0690 /* ASICloudFilesRequestTests.m */,
				0571AA531A24BDE0001B0690 /* ASIDataCompressorTests.h */,
				0571AA541A24BDE0001B0690 /* ASIDataCompressorTests.m */,
				0571AA551A24BDE0001B0690 /* ASIDownloadCacheTests.h */,
				0571AA561A24BDE0001B0690 /* ASIDownloadCacheTests.m */,
				0571AA571A24BDE0001B0690 /* ASIFormDataRequestTests.h */,
				0571AA581A24BDE0001B0690 /* ASIFormDataRequestTests.m */,
				0571AA591A24BDE0001B0690 /* ASIHTTPRequestTests.h */,
				0571AA5A1A24BDE0001B0690 /* ASIHTTPRequestTests.m */,
				0571AA5B1A24BDE0001B0690 /* ASINetworkQueueTests.h */,
				0571AA5C1A24BDE0001B0690 /* ASINetworkQueueTests.m */,
				0571AA5D1A24BDE0001B0690 /* ASIS3RequestTests.h */,
				0571AA5E1A24BDE0001B0690 /* ASIS3RequestTests.m */,
				0571AA5F1A24BDE0001B0690 /* ASITestCase.h */,
				0571AA601A24BDE0001B0690 /* ASITestCase.m */,
				0571AA611A24BDE0001B0690 /* ASIWebPageRequestTests.h */,
				0571AA621A24BDE0001B0690 /* ASIWebPageRequestTests.m */,
				0571AA631A24BDE0001B0690 /* BlocksTests.h */,
				0571AA641A24BDE0001B0690 /* BlocksTests.m */,
				0571AA651A24BDE0001B0690 /* ClientCertificateTests.h */,
				0571AA661A24BDE0001B0690 /* ClientCertificateTests.m */,
				0571AA671A24BDE0001B0690 /* GHUnitTestMain.m */,
				0571AA681A24BDE0001B0690 /* PerformanceTests.h */,
				0571AA691A24BDE0001B0690 /* PerformanceTests.m */,
				0571AA6A1A24BDE0001B0690 /* ProxyTests.h */,
				0571AA6B1A24BDE0001B0690 /* ProxyTests.m */,
				0571AA6C1A24BDE0001B0690 /* StressTests.h */,
				0571AA6D1A24BDE0001B0690 /* StressTests.m */,
			);
			path = Tests;
			sourceTree = "<group>";
		};
		05D1C1A41A234B8100C38B21 = {
			isa = PBXGroup;
			children = (
				0571AAA21A24CAB5001B0690 /* libz.dylib */,
				0571AAA01A24C8BA001B0690 /* libxml2.dylib */,
				0571AA931A24C62E001B0690 /* CFNetwork.framework */,
				05D1C1AF1A234B8100C38B21 /* nanyida */,
				05D1C1C81A234B8100C38B21 /* nanyidaTests */,
				05D1C1AE1A234B8100C38B21 /* Products */,
			);
			sourceTree = "<group>";
		};
		05D1C1AE1A234B8100C38B21 /* Products */ = {
			isa = PBXGroup;
			children = (
				05D1C1AD1A234B8100C38B21 /* nanyida.app */,
				05D1C1C51A234B8100C38B21 /* nanyidaTests.xctest */,
			);
			name = Products;
			sourceTree = "<group>";
		};
		05D1C1AF1A234B8100C38B21 /* nanyida */ = {
			isa = PBXGroup;
			children = (
				0571AA1B1A24BDE0001B0690 /* Classes */,
				05D1C1D51A234C0F00C38B21 /* apply */,
				05D1C1DA1A234C0F00C38B21 /* btn_back.png */,
				05D1C1DB1A234C0F00C38B21 /* btn_back@2x.png */,
				05D1C1DC1A234C0F00C38B21 /* curriculum */,
				05D1C1ED1A234C0F00C38B21 /* index */,
				05D1C1FE1A234C0F00C38B21 /* info */,
				05D1C2031A234C0F00C38B21 /* login */,
				05D1C20A1A234C0F00C38B21 /* nav_bg.png */,
				05D1C20B1A234C0F00C38B21 /* nav_bg@2x.png */,
				05D1C20C1A234C0F00C38B21 /* notice */,
				05D1C20F1A234C0F00C38B21 /* score */,
				05D1C2121A234C0F00C38B21 /* setting */,
				05D1C2211A234C0F00C38B21 /* tabbar */,
				05D1C1B21A234B8100C38B21 /* AppDelegate.swift */,
				05C98D2D1A2E166000924A66 /* UserViewController.swift */,
				05D1C1B71A234B8100C38B21 /* ViewController.swift */,
				05D1C1B91A234B8100C38B21 /* Main.storyboard */,
				05D1C1BC1A234B8100C38B21 /* Images.xcassets */,
				05D1C1BE1A234B8100C38B21 /* LaunchScreen.xib */,
				05D1C1B41A234B8100C38B21 /* nanyida.xcdatamodeld */,
				05D1C1B01A234B8100C38B21 /* Supporting Files */,
				05D1C27C1A2360F100C38B21 /* xnggViewController.swift */,
				051BF4A51A30AA4F003E1CE4 /* SettingViewController.swift */,
			);
			path = nanyida;
			sourceTree = "<group>";
		};
		05D1C1B01A234B8100C38B21 /* Supporting Files */ = {
			isa = PBXGroup;
			children = (
				05D1C1B11A234B8100C38B21 /* Info.plist */,
			);
			name = "Supporting Files";
			sourceTree = "<group>";
		};
		05D1C1C81A234B8100C38B21 /* nanyidaTests */ = {
			isa = PBXGroup;
			children = (
				05D1C1CB1A234B8100C38B21 /* nanyidaTests.swift */,
				05D1C1C91A234B8100C38B21 /* Supporting Files */,
			);
			path = nanyidaTests;
			sourceTree = "<group>";
		};
		05D1C1C91A234B8100C38B21 /* Supporting Files */ = {
			isa = PBXGroup;
			children = (
				05D1C1CA1A234B8100C38B21 /* Info.plist */,
			);
			name = "Supporting Files";
			sourceTree = "<group>";
		};
		05D1C1D51A234C0F00C38B21 /* apply */ = {
			isa = PBXGroup;
			children = (
				05D1C1D61A234C0F00C38B21 /* apply_bg.png */,
				05D1C1D71A234C0F00C38B21 /* apply_bg@2x.png */,
				05D1C1D81A234C0F00C38B21 /* apply_btn_submit.png */,
				05D1C1D91A234C0F00C38B21 /* apply_btn_submit@2x.png */,
			);
			name = apply;
			path = "../../edu/切图/apply";
			sourceTree = "<group>";
		};
		05D1C1DC1A234C0F00C38B21 /* curriculum */ = {
			isa = PBXGroup;
			children = (
				05D1C1DD1A234C0F00C38B21 /* curriculum_ morning.png */,
				05D1C1DE1A234C0F00C38B21 /* curriculum_ morning@2x.png */,
				05D1C1DF1A234C0F00C38B21 /* curriculum_afternoon.png */,
				05D1C1E01A234C0F00C38B21 /* curriculum_afternoon@2x.png */,
				05D1C1E11A234C0F00C38B21 /* curriculum_bg.png */,
				05D1C1E21A234C0F00C38B21 /* curriculum_bg@2x.png */,
				05D1C1E31A234C0F00C38B21 /* curriculum_border.png */,
				05D1C1E41A234C0F00C38B21 /* curriculum_border@2x.png */,
				05D1C1E51A234C0F00C38B21 /* curriculum_btn_alert.png */,
				05D1C1E61A234C0F00C38B21 /* curriculum_btn_alert@2x.png */,
				05D1C1E71A234C0F00C38B21 /* curriculum_btn_confirm.png */,
				05D1C1E81A234C0F00C38B21 /* curriculum_btn_confirm@2x.png */,
				05D1C1E91A234C0F00C38B21 /* curriculum_btn_detail.png */,
				05D1C1EA1A234C0F00C38B21 /* curriculum_btn_detail@2x.png */,
				05D1C1EB1A234C0F00C38B21 /* curriculum_main_bg.png */,
				05D1C1EC1A234C0F00C38B21 /* curriculum_main_bg@2x.png */,
			);
			name = curriculum;
			path = "../../edu/切图/curriculum";
			sourceTree = "<group>";
		};
		05D1C1ED1A234C0F00C38B21 /* index */ = {
			isa = PBXGroup;
			children = (
				05D1C1EE1A234C0F00C38B21 /* index_banner.png */,
				05D1C1EF1A234C0F00C38B21 /* index_banner@2x.png */,
				05D1C1F01A234C0F00C38B21 /* index_btn_cjcx.png */,
				05D1C1F11A234C0F00C38B21 /* index_btn_cjcx@2x.png */,
				05D1C1F21A234C0F00C38B21 /* index_btn_hksq.png */,
				05D1C1F31A234C0F00C38B21 /* index_btn_hksq@2x.png */,
				05D1C1F41A234C0F00C38B21 /* index_btn_jxpj.png */,
				05D1C1F51A234C0F00C38B21 /* index_btn_jxpj@2x.png */,
				05D1C1F61A234C0F00C38B21 /* index_btn_wdkb.png */,
				05D1C1F71A234C0F00C38B21 /* index_btn_wdkb@2x.png */,
				05D1C1F81A234C0F00C38B21 /* index_btn_xksq.png */,
				05D1C1F91A234C0F00C38B21 /* index_btn_xksq@2x.png */,
				05D1C1FA1A234C0F00C38B21 /* index_btn_xngg.png */,
				05D1C1FB1A234C0F00C38B21 /* index_btn_xngg@2x.png */,
				05D1C1FC1A234C0F00C38B21 /* index_btn_xtsz.png */,
				05D1C1FD1A234C0F00C38B21 /* index_btn_xtsz@2x.png */,
			);
			name = index;
			path = "../../edu/切图/index";
			sourceTree = "<group>";
		};
		05D1C1FE1A234C0F00C38B21 /* info */ = {
			isa = PBXGroup;
			children = (
				05D1C1FF1A234C0F00C38B21 /* info_bg.png */,
				05D1C2001A234C0F00C38B21 /* info_bg@2x.png */,
				05D1C2011A234C0F00C38B21 /* info_title_bg.png */,
				05D1C2021A234C0F00C38B21 /* info_title_bg@2x.png */,
			);
			name = info;
			path = "../../edu/切图/info";
			sourceTree = "<group>";
		};
		05D1C2031A234C0F00C38B21 /* login */ = {
			isa = PBXGroup;
			children = (
				05D1C2041A234C0F00C38B21 /* login_bg.png */,
				05D1C2061A234C0F00C38B21 /* login_btn.png */,
				05D1C2071A234C0F00C38B21 /* login_btn@2x.png */,
				05D1C2051A234C0F00C38B21 /* login_bg@2x.png */,
				05D1C2081A234C0F00C38B21 /* login_input.png */,
				05D1C2091A234C0F00C38B21 /* login_input@2x.png */,
			);
			name = login;
			path = "../../edu/切图/login";
			sourceTree = "<group>";
		};
		05D1C20C1A234C0F00C38B21 /* notice */ = {
			isa = PBXGroup;
			children = (
				05D1C20D1A234C0F00C38B21 /* notice_icon.png */,
				05D1C20E1A234C0F00C38B21 /* notice_icon@2x.png */,
			);
			name = notice;
			path = "../../edu/切图/notice";
			sourceTree = "<group>";
		};
		05D1C20F1A234C0F00C38B21 /* score */ = {
			isa = PBXGroup;
			children = (
				05D1C2101A234C0F00C38B21 /* score_cell_bg.png */,
				05D1C2111A234C0F00C38B21 /* score_cell_bg@2x.png */,
			);
			name = score;
			path = "../../edu/切图/score";
			sourceTree = "<group>";
		};
		05D1C2121A234C0F00C38B21 /* setting */ = {
			isa = PBXGroup;
			children = (
				05D1C2131A234C0F00C38B21 /* setting_btn_on.png */,
				05D1C2141A234C0F00C38B21 /* setting_btn_on@2x.png */,
				05D1C2151A234C0F00C38B21 /* setting_icon1.png */,
				05D1C2161A234C0F00C38B21 /* setting_icon1@2x.png */,
				05D1C2171A234C0F00C38B21 /* setting_icon2.png */,
				05D1C2181A234C0F00C38B21 /* setting_icon2@2x.png */,
				05D1C2191A234C0F00C38B21 /* setting_icon3.png */,
				05D1C21A1A234C0F00C38B21 /* setting_icon3@2x.png */,
				05D1C21B1A234C0F00C38B21 /* setting_icon4.png */,
				05D1C21C1A234C0F00C38B21 /* setting_icon4@2x.png */,
				05D1C21D1A234C0F00C38B21 /* setting_icon5.png */,
				05D1C21E1A234C0F00C38B21 /* setting_icon5@2x.png */,
				05D1C21F1A234C0F00C38B21 /* setting_line.png */,
				05D1C2201A234C0F00C38B21 /* setting_line@2x.png */,
			);
			name = setting;
			path = "../../edu/切图/setting";
			sourceTree = "<group>";
		};
		05D1C2211A234C0F00C38B21 /* tabbar */ = {
			isa = PBXGroup;
			children = (
				05D1C2221A234C0F00C38B21 /* tabbar_bg.png */,
				05D1C2231A234C0F00C38B21 /* tabbar_bg@2x.png */,
				05D1C2241A234C0F00C38B21 /* tabbar_Home.png */,
				05D1C2251A234C0F00C38B21 /* tabbar_Home@2x.png */,
				05D1C2261A234C0F00C38B21 /* tabbar_on.png */,
				05D1C2271A234C0F00C38B21 /* tabbar_on@2x.png */,
				05D1C2281A234C0F00C38B21 /* tabbar_Settings.png */,
				05D1C2291A234C0F00C38B21 /* tabbar_Settings@2x.png */,
				05D1C22A1A234C0F00C38B21 /* tabbar_user.png */,
				05D1C22B1A234C0F00C38B21 /* tabbar_user@2x.png */,
			);
			name = tabbar;
			path = "../../edu/切图/tabbar";
			sourceTree = "<group>";
		};
/* End PBXGroup section */

/* Begin PBXNativeTarget section */
		05D1C1AC1A234B8100C38B21 /* nanyida */ = {
			isa = PBXNativeTarget;
			buildConfigurationList = 05D1C1CF1A234B8100C38B21 /* Build configuration list for PBXNativeTarget "nanyida" */;
			buildPhases = (
				05D1C1A91A234B8100C38B21 /* Sources */,
				05D1C1AA1A234B8100C38B21 /* Frameworks */,
				05D1C1AB1A234B8100C38B21 /* Resources */,
			);
			buildRules = (
			);
			dependencies = (
			);
			name = nanyida;
			productName = nanyida;
			productReference = 05D1C1AD1A234B8100C38B21 /* nanyida.app */;
			productType = "com.apple.product-type.application";
		};
		05D1C1C41A234B8100C38B21 /* nanyidaTests */ = {
			isa = PBXNativeTarget;
			buildConfigurationList = 05D1C1D21A234B8100C38B21 /* Build configuration list for PBXNativeTarget "nanyidaTests" */;
			buildPhases = (
				05D1C1C11A234B8100C38B21 /* Sources */,
				05D1C1C21A234B8100C38B21 /* Frameworks */,
				05D1C1C31A234B8100C38B21 /* Resources */,
			);
			buildRules = (
			);
			dependencies = (
				05D1C1C71A234B8100C38B21 /* PBXTargetDependency */,
			);
			name = nanyidaTests;
			productName = nanyidaTests;
			productReference = 05D1C1C51A234B8100C38B21 /* nanyidaTests.xctest */;
			productType = "com.apple.product-type.bundle.unit-test";
		};
/* End PBXNativeTarget section */

/* Begin PBXProject section */
		05D1C1A51A234B8100C38B21 /* Project object */ = {
			isa = PBXProject;
			attributes = {
				LastUpgradeCheck = 0600;
				ORGANIZATIONNAME = mgracy.blog.163.com;
				TargetAttributes = {
					05D1C1AC1A234B8100C38B21 = {
						CreatedOnToolsVersion = 6.0.1;
					};
					05D1C1C41A234B8100C38B21 = {
						CreatedOnToolsVersion = 6.0.1;
						TestTargetID = 05D1C1AC1A234B8100C38B21;
					};
				};
			};
			buildConfigurationList = 05D1C1A81A234B8100C38B21 /* Build configuration list for PBXProject "nanyida" */;
			compatibilityVersion = "Xcode 3.2";
			developmentRegion = English;
			hasScannedForEncodings = 0;
			knownRegions = (
				en,
				Base,
			);
			mainGroup = 05D1C1A41A234B8100C38B21;
			productRefGroup = 05D1C1AE1A234B8100C38B21 /* Products */;
			projectDirPath = "";
			projectRoot = "";
			targets = (
				05D1C1AC1A234B8100C38B21 /* nanyida */,
				05D1C1C41A234B8100C38B21 /* nanyidaTests */,
			);
		};
/* End PBXProject section */

/* Begin PBXResourcesBuildPhase section */
		05D1C1AB1A234B8100C38B21 /* Resources */ = {
			isa = PBXResourcesBuildPhase;
			buildActionMask = 2147483647;
			files = (
				05D1C2501A234C0F00C38B21 /* index_btn_xtsz.png in Resources */,
				05D1C2471A234C0F00C38B21 /* index_btn_hksq@2x.png in Resources */,
				05D1C2761A234C0F00C38B21 /* tabbar_Settings.png in Resources */,
				05D1C2381A234C0F00C38B21 /* curriculum_border.png in Resources */,
				05D1C24C1A234C0F00C38B21 /* index_btn_xksq.png in Resources */,
				05D1C2491A234C0F00C38B21 /* index_btn_jxpj@2x.png in Resources */,
				05D1C2311A234C0F00C38B21 /* btn_back@2x.png in Resources */,
				05D1C25E1A234C0F00C38B21 /* notice_icon.png in Resources */,
				05D1C23F1A234C0F00C38B21 /* curriculum_btn_detail@2x.png in Resources */,
				05D1C24F1A234C0F00C38B21 /* index_btn_xngg@2x.png in Resources */,
				05D1C2611A234C0F00C38B21 /* score_cell_bg@2x.png in Resources */,
				05D1C2521A234C0F00C38B21 /* info_bg.png in Resources */,
				05D1C1BB1A234B8100C38B21 /* Main.storyboard in Resources */,
				05D1C2351A234C0F00C38B21 /* curriculum_afternoon@2x.png in Resources */,
				05D1C26D1A234C0F00C38B21 /* setting_icon5@2x.png in Resources */,
				05D1C2371A234C0F00C38B21 /* curriculum_bg@2x.png in Resources */,
				05D1C2691A234C0F00C38B21 /* setting_icon3@2x.png in Resources */,
				05D1C2421A234C0F00C38B21 /* index_banner.png in Resources */,
				05D1C24D1A234C0F00C38B21 /* index_btn_xksq@2x.png in Resources */,
				05D1C2561A234C0F00C38B21 /* login_bg.png in Resources */,
				05D1C2441A234C0F00C38B21 /* index_btn_cjcx.png in Resources */,
				05D1C2731A234C0F00C38B21 /* tabbar_Home@2x.png in Resources */,
				05D1C2321A234C0F00C38B21 /* curriculum_ morning.png in Resources */,
				05D1C23B1A234C0F00C38B21 /* curriculum_btn_alert@2x.png in Resources */,
				05D1C26E1A234C0F00C38B21 /* setting_line.png in Resources */,
				05D1C23A1A234C0F00C38B21 /* curriculum_btn_alert.png in Resources */,
				05D1C26B1A234C0F00C38B21 /* setting_icon4@2x.png in Resources */,
				05D1C2331A234C0F00C38B21 /* curriculum_ morning@2x.png in Resources */,
				05D1C26F1A234C0F00C38B21 /* setting_line@2x.png in Resources */,
				05D1C23D1A234C0F00C38B21 /* curriculum_btn_confirm@2x.png in Resources */,
				05D1C2671A234C0F00C38B21 /* setting_icon2@2x.png in Resources */,
				05D1C24E1A234C0F00C38B21 /* index_btn_xngg.png in Resources */,
				05D1C2531A234C0F00C38B21 /* info_bg@2x.png in Resources */,
				05D1C24A1A234C0F00C38B21 /* index_btn_wdkb.png in Resources */,
				05D1C2591A234C0F00C38B21 /* login_btn@2x.png in Resources */,
				05D1C2771A234C0F00C38B21 /* tabbar_Settings@2x.png in Resources */,
				05D1C2641A234C0F00C38B21 /* setting_icon1.png in Resources */,
				05D1C2651A234C0F00C38B21 /* setting_icon1@2x.png in Resources */,
				05D1C23E1A234C0F00C38B21 /* curriculum_btn_detail.png in Resources */,
				05D1C22C1A234C0F00C38B21 /* apply_bg.png in Resources */,
				05D1C2511A234C0F00C38B21 /* index_btn_xtsz@2x.png in Resources */,
				05D1C2341A234C0F00C38B21 /* curriculum_afternoon.png in Resources */,
				05D1C24B1A234C0F00C38B21 /* index_btn_wdkb@2x.png in Resources */,
				05D1C2721A234C0F00C38B21 /* tabbar_Home.png in Resources */,
				05D1C2781A234C0F00C38B21 /* tabbar_user.png in Resources */,
				05D1C26A1A234C0F00C38B21 /* setting_icon4.png in Resources */,
				05D1C2551A234C0F00C38B21 /* info_title_bg@2x.png in Resources */,
				05D1C2391A234C0F00C38B21 /* curriculum_border@2x.png in Resources */,
				05D1C23C1A234C0F00C38B21 /* curriculum_btn_confirm.png in Resources */,
				05D1C25F1A234C0F00C38B21 /* notice_icon@2x.png in Resources */,
				05D1C2401A234C0F00C38B21 /* curriculum_main_bg.png in Resources */,
				05D1C26C1A234C0F00C38B21 /* setting_icon5.png in Resources */,
				05D1C22D1A234C0F00C38B21 /* apply_bg@2x.png in Resources */,
				05D1C2301A234C0F00C38B21 /* btn_back.png in Resources */,
				05D1C25D1A234C0F00C38B21 /* nav_bg@2x.png in Resources */,
				05D1C2601A234C0F00C38B21 /* score_cell_bg.png in Resources */,
				05D1C2431A234C0F00C38B21 /* index_banner@2x.png in Resources */,
				05D1C2451A234C0F00C38B21 /* index_btn_cjcx@2x.png in Resources */,
				05D1C22E1A234C0F00C38B21 /* apply_btn_submit.png in Resources */,
				05D1C2411A234C0F00C38B21 /* curriculum_main_bg@2x.png in Resources */,
				05D1C2541A234C0F00C38B21 /* info_title_bg.png in Resources */,
				05D1C2751A234C0F00C38B21 /* tabbar_on@2x.png in Resources */,
				05D1C1C01A234B8100C38B21 /* LaunchScreen.xib in Resources */,
				05D1C2571A234C0F00C38B21 /* login_bg@2x.png in Resources */,
				05D1C2481A234C0F00C38B21 /* index_btn_jxpj.png in Resources */,
				05D1C2461A234C0F00C38B21 /* index_btn_hksq.png in Resources */,
				05D1C2701A234C0F00C38B21 /* tabbar_bg.png in Resources */,
				05D1C2621A234C0F00C38B21 /* setting_btn_on.png in Resources */,
				05D1C2791A234C0F00C38B21 /* tabbar_user@2x.png in Resources */,
				05D1C2711A234C0F00C38B21 /* tabbar_bg@2x.png in Resources */,
				05D1C2581A234C0F00C38B21 /* login_btn.png in Resources */,
				05D1C2631A234C0F00C38B21 /* setting_btn_on@2x.png in Resources */,
				05D1C2361A234C0F00C38B21 /* curriculum_bg.png in Resources */,
				05D1C22F1A234C0F00C38B21 /* apply_btn_submit@2x.png in Resources */,
				05D1C25B1A234C0F00C38B21 /* login_input@2x.png in Resources */,
				05D1C2661A234C0F00C38B21 /* setting_icon2.png in Resources */,
				05D1C25A1A234C0F00C38B21 /* login_input.png in Resources */,
				05D1C2741A234C0F00C38B21 /* tabbar_on.png in Resources */,
				05D1C2681A234C0F00C38B21 /* setting_icon3.png in Resources */,
				05D1C25C1A234C0F00C38B21 /* nav_bg.png in Resources */,
				05D1C1BD1A234B8100C38B21 /* Images.xcassets in Resources */,
			);
			runOnlyForDeploymentPostprocessing = 0;
		};
		05D1C1C31A234B8100C38B21 /* Resources */ = {
			isa = PBXResourcesBuildPhase;
			buildActionMask = 2147483647;
			files = (
			);
			runOnlyForDeploymentPostprocessing = 0;
		};
/* End PBXResourcesBuildPhase section */

/* Begin PBXSourcesBuildPhase section */
		05D1C1A91A234B8100C38B21 /* Sources */ = {
			isa = PBXSourcesBuildPhase;
			buildActionMask = 2147483647;
			files = (
				051BF4A61A30AA4F003E1CE4 /* SettingViewController.swift in Sources */,
				0571AA6F1A24BDE0001B0690 /* ASIDataCompressor.m in Sources */,
				0571AA7C1A24BDE0001B0690 /* ASICloudFilesObjectRequest.m in Sources */,
				0571AA811A24BDE0001B0690 /* ASIS3ObjectRequest.m in Sources */,
				05D1C1B81A234B8100C38B21 /* ViewController.swift in Sources */,
				05D1C1B61A234B8100C38B21 /* nanyida.xcdatamodeld in Sources */,
				0571AA7E1A24BDE0001B0690 /* ASIS3Bucket.m in Sources */,
				0571AA771A24BDE0001B0690 /* ASICloudFilesCDNRequest.m in Sources */,
				0571AA6E1A24BDE0001B0690 /* ASIAuthenticationDialog.m in Sources */,
				0571AA7A1A24BDE0001B0690 /* ASICloudFilesContainerXMLParserDelegate.m in Sources */,
				05C98D2E1A2E166000924A66 /* UserViewController.swift in Sources */,
				0571AA781A24BDE0001B0690 /* ASICloudFilesContainer.m in Sources */,
				0571AA761A24BDE0001B0690 /* ASIWebPageRequest.m in Sources */,
				0571AA831A24BDE0001B0690 /* ASIS3ServiceRequest.m in Sources */,
				0571AA7B1A24BDE0001B0690 /* ASICloudFilesObject.m in Sources */,
				0571AA721A24BDE0001B0690 /* ASIFormDataRequest.m in Sources */,
				0571AA701A24BDE0001B0690 /* ASIDataDecompressor.m in Sources */,
				05D1C27D1A2360F100C38B21 /* xnggViewController.swift in Sources */,
				0571AA7D1A24BDE0001B0690 /* ASICloudFilesRequest.m in Sources */,
				0571AA821A24BDE0001B0690 /* ASIS3Request.m in Sources */,
				0571AA741A24BDE0001B0690 /* ASIInputStream.m in Sources */,
				0571AA751A24BDE0001B0690 /* ASINetworkQueue.m in Sources */,
				0571AA731A24BDE0001B0690 /* ASIHTTPRequest.m in Sources */,
				0571AA791A24BDE0001B0690 /* ASICloudFilesContainerRequest.m in Sources */,
				0571AA711A24BDE0001B0690 /* ASIDownloadCache.m in Sources */,
				0571AA801A24BDE0001B0690 /* ASIS3BucketRequest.m in Sources */,
				0571AA7F1A24BDE0001B0690 /* ASIS3BucketObject.m in Sources */,
				0571AA9F1A24C6FA001B0690 /* Reachability.m in Sources */,
				05D1C1B31A234B8100C38B21 /* AppDelegate.swift in Sources */,
			);
			runOnlyForDeploymentPostprocessing = 0;
		};
		05D1C1C11A234B8100C38B21 /* Sources */ = {
			isa = PBXSourcesBuildPhase;
			buildActionMask = 2147483647;
			files = (
				05D1C1CC1A234B8100C38B21 /* nanyidaTests.swift in Sources */,
			);
			runOnlyForDeploymentPostprocessing = 0;
		};
/* End PBXSourcesBuildPhase section */

/* Begin PBXTargetDependency section */
		05D1C1C71A234B8100C38B21 /* PBXTargetDependency */ = {
			isa = PBXTargetDependency;
			target = 05D1C1AC1A234B8100C38B21 /* nanyida */;
			targetProxy = 05D1C1C61A234B8100C38B21 /* PBXContainerItemProxy */;
		};
/* End PBXTargetDependency section */

/* Begin PBXVariantGroup section */
		05D1C1B91A234B8100C38B21 /* Main.storyboard */ = {
			isa = PBXVariantGroup;
			children = (
				05D1C1BA1A234B8100C38B21 /* Base */,
			);
			name = Main.storyboard;
			sourceTree = "<group>";
		};
		05D1C1BE1A234B8100C38B21 /* LaunchScreen.xib */ = {
			isa = PBXVariantGroup;
			children = (
				05D1C1BF1A234B8100C38B21 /* Base */,
			);
			name = LaunchScreen.xib;
			sourceTree = "<group>";
		};
/* End PBXVariantGroup section */

/* Begin XCBuildConfiguration section */
		05D1C1CD1A234B8100C38B21 /* Debug */ = {
			isa = XCBuildConfiguration;
			buildSettings = {
				ALWAYS_SEARCH_USER_PATHS = NO;
				CLANG_CXX_LANGUAGE_STANDARD = "gnu++0x";
				CLANG_CXX_LIBRARY = "libc++";
				CLANG_ENABLE_MODULES = YES;
				CLANG_ENABLE_OBJC_ARC = NO;
				CLANG_WARN_BOOL_CONVERSION = YES;
				CLANG_WARN_CONSTANT_CONVERSION = YES;
				CLANG_WARN_DIRECT_OBJC_ISA_USAGE = YES_ERROR;
				CLANG_WARN_EMPTY_BODY = YES;
				CLANG_WARN_ENUM_CONVERSION = YES;
				CLANG_WARN_INT_CONVERSION = YES;
				CLANG_WARN_OBJC_ROOT_CLASS = YES_ERROR;
				CLANG_WARN_UNREACHABLE_CODE = YES;
				CLANG_WARN__DUPLICATE_METHOD_MATCH = YES;
				"CODE_SIGN_IDENTITY[sdk=iphoneos*]" = "iPhone Developer";
				COPY_PHASE_STRIP = NO;
				ENABLE_STRICT_OBJC_MSGSEND = YES;
				GCC_C_LANGUAGE_STANDARD = gnu99;
				GCC_DYNAMIC_NO_PIC = NO;
				GCC_OPTIMIZATION_LEVEL = 0;
				GCC_PREPROCESSOR_DEFINITIONS = (
					"DEBUG=1",
					"$(inherited)",
				);
				GCC_SYMBOLS_PRIVATE_EXTERN = NO;
				GCC_WARN_64_TO_32_BIT_CONVERSION = YES;
				GCC_WARN_ABOUT_RETURN_TYPE = YES_ERROR;
				GCC_WARN_UNDECLARED_SELECTOR = YES;
				GCC_WARN_UNINITIALIZED_AUTOS = YES_AGGRESSIVE;
				GCC_WARN_UNUSED_FUNCTION = YES;
				GCC_WARN_UNUSED_VARIABLE = YES;
				HEADER_SEARCH_PATHS = (
					"$(inherited)",
					"${SDK_DIR}/usr/include/libxml2",
				);
				IPHONEOS_DEPLOYMENT_TARGET = 8.0;
				MTL_ENABLE_DEBUG_INFO = YES;
				ONLY_ACTIVE_ARCH = YES;
				SDKROOT = iphoneos;
				SWIFT_OPTIMIZATION_LEVEL = "-Onone";
			};
			name = Debug;
		};
		05D1C1CE1A234B8100C38B21 /* Release */ = {
			isa = XCBuildConfiguration;
			buildSettings = {
				ALWAYS_SEARCH_USER_PATHS = NO;
				CLANG_CXX_LANGUAGE_STANDARD = "gnu++0x";
				CLANG_CXX_LIBRARY = "libc++";
				CLANG_ENABLE_MODULES = YES;
				CLANG_ENABLE_OBJC_ARC = NO;
				CLANG_WARN_BOOL_CONVERSION = YES;
				CLANG_WARN_CONSTANT_CONVERSION = YES;
				CLANG_WARN_DIRECT_OBJC_ISA_USAGE = YES_ERROR;
				CLANG_WARN_EMPTY_BODY = YES;
				CLANG_WARN_ENUM_CONVERSION = YES;
				CLANG_WARN_INT_CONVERSION = YES;
				CLANG_WARN_OBJC_ROOT_CLASS = YES_ERROR;
				CLANG_WARN_UNREACHABLE_CODE = YES;
				CLANG_WARN__DUPLICATE_METHOD_MATCH = YES;
				"CODE_SIGN_IDENTITY[sdk=iphoneos*]" = "iPhone Developer";
				COPY_PHASE_STRIP = YES;
				ENABLE_NS_ASSERTIONS = NO;
				ENABLE_STRICT_OBJC_MSGSEND = YES;
				GCC_C_LANGUAGE_STANDARD = gnu99;
				GCC_WARN_64_TO_32_BIT_CONVERSION = YES;
				GCC_WARN_ABOUT_RETURN_TYPE = YES_ERROR;
				GCC_WARN_UNDECLARED_SELECTOR = YES;
				GCC_WARN_UNINITIALIZED_AUTOS = YES_AGGRESSIVE;
				GCC_WARN_UNUSED_FUNCTION = YES;
				GCC_WARN_UNUSED_VARIABLE = YES;
				HEADER_SEARCH_PATHS = (
					"$(inherited)",
					"${SDK_DIR}/usr/include/libxml2",
				);
				IPHONEOS_DEPLOYMENT_TARGET = 8.0;
				MTL_ENABLE_DEBUG_INFO = NO;
				SDKROOT = iphoneos;
				VALIDATE_PRODUCT = YES;
			};
			name = Release;
		};
		05D1C1D01A234B8100C38B21 /* Debug */ = {
			isa = XCBuildConfiguration;
			buildSettings = {
				ASSETCATALOG_COMPILER_APPICON_NAME = AppIcon;
				INFOPLIST_FILE = nanyida/Info.plist;
				LD_RUNPATH_SEARCH_PATHS = "$(inherited) @executable_path/Frameworks";
				PRODUCT_NAME = "$(TARGET_NAME)";
			};
			name = Debug;
		};
		05D1C1D11A234B8100C38B21 /* Release */ = {
			isa = XCBuildConfiguration;
			buildSettings = {
				ASSETCATALOG_COMPILER_APPICON_NAME = AppIcon;
				INFOPLIST_FILE = nanyida/Info.plist;
				LD_RUNPATH_SEARCH_PATHS = "$(inherited) @executable_path/Frameworks";
				PRODUCT_NAME = "$(TARGET_NAME)";
			};
			name = Release;
		};
		05D1C1D31A234B8100C38B21 /* Debug */ = {
			isa = XCBuildConfiguration;
			buildSettings = {
				BUNDLE_LOADER = "$(TEST_HOST)";
				FRAMEWORK_SEARCH_PATHS = (
					"$(SDKROOT)/Developer/Library/Frameworks",
					"$(inherited)",
				);
				GCC_PREPROCESSOR_DEFINITIONS = (
					"DEBUG=1",
					"$(inherited)",
				);
				INFOPLIST_FILE = nanyidaTests/Info.plist;
				LD_RUNPATH_SEARCH_PATHS = "$(inherited) @executable_path/Frameworks @loader_path/Frameworks";
				PRODUCT_NAME = "$(TARGET_NAME)";
				TEST_HOST = "$(BUILT_PRODUCTS_DIR)/nanyida.app/nanyida";
			};
			name = Debug;
		};
		05D1C1D41A234B8100C38B21 /* Release */ = {
			isa = XCBuildConfiguration;
			buildSettings = {
				BUNDLE_LOADER = "$(TEST_HOST)";
				FRAMEWORK_SEARCH_PATHS = (
					"$(SDKROOT)/Developer/Library/Frameworks",
					"$(inherited)",
				);
				INFOPLIST_FILE = nanyidaTests/Info.plist;
				LD_RUNPATH_SEARCH_PATHS = "$(inherited) @executable_path/Frameworks @loader_path/Frameworks";
				PRODUCT_NAME = "$(TARGET_NAME)";
				TEST_HOST = "$(BUILT_PRODUCTS_DIR)/nanyida.app/nanyida";
			};
			name = Release;
		};
/* End XCBuildConfiguration section */

/* Begin XCConfigurationList section */
		05D1C1A81A234B8100C38B21 /* Build configuration list for PBXProject "nanyida" */ = {
			isa = XCConfigurationList;
			buildConfigurations = (
				05D1C1CD1A234B8100C38B21 /* Debug */,
				05D1C1CE1A234B8100C38B21 /* Release */,
			);
			defaultConfigurationIsVisible = 0;
			defaultConfigurationName = Release;
		};
		05D1C1CF1A234B8100C38B21 /* Build configuration list for PBXNativeTarget "nanyida" */ = {
			isa = XCConfigurationList;
			buildConfigurations = (
				05D1C1D01A234B8100C38B21 /* Debug */,
				05D1C1D11A234B8100C38B21 /* Release */,
			);
			defaultConfigurationIsVisible = 0;
			defaultConfigurationName = Release;
		};
		05D1C1D21A234B8100C38B21 /* Build configuration list for PBXNativeTarget "nanyidaTests" */ = {
			isa = XCConfigurationList;
			buildConfigurations = (
				05D1C1D31A234B8100C38B21 /* Debug */,
				05D1C1D41A234B8100C38B21 /* Release */,
			);
			defaultConfigurationIsVisible = 0;
			defaultConfigurationName = Release;
		};
/* End XCConfigurationList section */

/* Begin XCVersionGroup section */
		05D1C1B41A234B8100C38B21 /* nanyida.xcdatamodeld */ = {
			isa = XCVersionGroup;
			children = (
				05D1C1B51A234B8100C38B21 /* nanyida.xcdatamodel */,
			);
			currentVersion = 05D1C1B51A234B8100C38B21 /* nanyida.xcdatamodel */;
			path = nanyida.xcdatamodeld;
			sourceTree = "<group>";
			versionGroupType = wrapper.xcdatamodel;
		};
/* End XCVersionGroup section */
	};
	rootObject = 05D1C1A51A234B8100C38B21 /* Project object */;
}
